// !$*UTF8*$!
{
	archiveVersion = 1;
	classes = {
	};
	objectVersion = 46;
	objects = {

/* Begin PBXBuildFile section */
		5507A5C61E6624E7008B9F73 /* csmopbas.c in Sources */ = {isa = PBXBuildFile; fileRef = 5507A5C41E6624E7008B9F73 /* csmopbas.c */; };
		5507A5C71E6624E7008B9F73 /* csmopbas.inl in Headers */ = {isa = PBXBuildFile; fileRef = 5507A5C51E6624E7008B9F73 /* csmopbas.inl */; };
		5507A5CA1E662758008B9F73 /* csmeuler_lmev.c in Sources */ = {isa = PBXBuildFile; fileRef = 5507A5C81E662758008B9F73 /* csmeuler_lmev.c */; };
		5507A5CB1E662758008B9F73 /* csmeuler_lmev.inl in Headers */ = {isa = PBXBuildFile; fileRef = 5507A5C91E662758008B9F73 /* csmeuler_lmev.inl */; };
		5507A6211E6B744A008B9F73 /* csmeuler_lkev.inl in Headers */ = {isa = PBXBuildFile; fileRef = 5507A61F1E6B744A008B9F73 /* csmeuler_lkev.inl */; };
		5507A6241E6B8714008B9F73 /* csmtest.c in Sources */ = {isa = PBXBuildFile; fileRef = 5507A6221E6B8714008B9F73 /* csmtest.c */; };
		5507A6251E6B8714008B9F73 /* csmtest.h in Headers */ = {isa = PBXBuildFile; fileRef = 5507A6231E6B8714008B9F73 /* csmtest.h */; settings = {ATTRIBUTES = (Public, ); }; };
		5507A6291E700F7C008B9F73 /* csmeuler_lmef.c in Sources */ = {isa = PBXBuildFile; fileRef = 5507A6271E700F7C008B9F73 /* csmeuler_lmef.c */; };
		5507A62A1E700F7C008B9F73 /* csmeuler_lmef.inl in Headers */ = {isa = PBXBuildFile; fileRef = 5507A6281E700F7C008B9F73 /* csmeuler_lmef.inl */; };
		5507A62D1E701441008B9F73 /* csmeuler_lkef.c in Sources */ = {isa = PBXBuildFile; fileRef = 5507A62B1E701441008B9F73 /* csmeuler_lkef.c */; };
		5507A62E1E701441008B9F73 /* csmeuler_lkef.inl in Headers */ = {isa = PBXBuildFile; fileRef = 5507A62C1E701441008B9F73 /* csmeuler_lkef.inl */; };
		5507A64D1E70372E008B9F73 /* csmeuler_lkev.c in Sources */ = {isa = PBXBuildFile; fileRef = 5507A64C1E70372E008B9F73 /* csmeuler_lkev.c */; };
		5507A6501E705618008B9F73 /* csmeuler_kvfs.c in Sources */ = {isa = PBXBuildFile; fileRef = 5507A64E1E705618008B9F73 /* csmeuler_kvfs.c */; };
		5507A6511E705618008B9F73 /* csmeuler_kvfs.inl in Headers */ = {isa = PBXBuildFile; fileRef = 5507A64F1E705618008B9F73 /* csmeuler_kvfs.inl */; };
		5507A6731E70610D008B9F73 /* rGWB.h in Resources */ = {isa = PBXBuildFile; fileRef = 5579545B1E5DB074000FC91E /* rGWB.h */; };
		5507A6741E706175008B9F73 /* csmtest.h in Resources */ = {isa = PBXBuildFile; fileRef = 5507A6231E6B8714008B9F73 /* csmtest.h */; };
		5507A6781E7341CD008B9F73 /* csmeuler_lkemr.c in Sources */ = {isa = PBXBuildFile; fileRef = 5507A6761E7341CD008B9F73 /* csmeuler_lkemr.c */; };
		5507A6791E7341CD008B9F73 /* csmeuler_lkemr.inl in Headers */ = {isa = PBXBuildFile; fileRef = 5507A6771E7341CD008B9F73 /* csmeuler_lkemr.inl */; };
		5507A67C1E73484D008B9F73 /* csmeuler_lmekr.c in Sources */ = {isa = PBXBuildFile; fileRef = 5507A67A1E73484D008B9F73 /* csmeuler_lmekr.c */; };
		5507A67D1E73484D008B9F73 /* csmeuler_lmekr.inl in Headers */ = {isa = PBXBuildFile; fileRef = 5507A67B1E73484D008B9F73 /* csmeuler_lmekr.inl */; };
		5507A6801E7362EF008B9F73 /* csmeuler_lkfmrh.c in Sources */ = {isa = PBXBuildFile; fileRef = 5507A67E1E7362EF008B9F73 /* csmeuler_lkfmrh.c */; };
		5507A6811E7362EF008B9F73 /* csmeuler_lkfmrh.inl in Headers */ = {isa = PBXBuildFile; fileRef = 5507A67F1E7362EF008B9F73 /* csmeuler_lkfmrh.inl */; };
		5507A6841E736565008B9F73 /* csmeuler_lmfkrh.c in Sources */ = {isa = PBXBuildFile; fileRef = 5507A6821E736565008B9F73 /* csmeuler_lmfkrh.c */; };
		5507A6851E736565008B9F73 /* csmeuler_lmfkrh.inl in Headers */ = {isa = PBXBuildFile; fileRef = 5507A6831E736565008B9F73 /* csmeuler_lmfkrh.inl */; };
		5507A6881E736714008B9F73 /* csmeuler_lringmv.c in Sources */ = {isa = PBXBuildFile; fileRef = 5507A6861E736714008B9F73 /* csmeuler_lringmv.c */; };
		5507A6891E736714008B9F73 /* csmeuler_lringmv.inl in Headers */ = {isa = PBXBuildFile; fileRef = 5507A6871E736714008B9F73 /* csmeuler_lringmv.inl */; };
		5507A6EC1E7B40BA008B9F73 /* Cocoa.framework in Frameworks */ = {isa = PBXBuildFile; fileRef = 5507A6EB1E7B40BA008B9F73 /* Cocoa.framework */; };
		5507A6EE1E7B40C1008B9F73 /* Foundation.framework in Frameworks */ = {isa = PBXBuildFile; fileRef = 5507A6ED1E7B40C1008B9F73 /* Foundation.framework */; };
		5507A6F21E7B450C008B9F73 /* csmhashtb.c in Sources */ = {isa = PBXBuildFile; fileRef = 5507A6F01E7B450C008B9F73 /* csmhashtb.c */; };
		5507A6F31E7B450C008B9F73 /* csmhashtb.hxx in Headers */ = {isa = PBXBuildFile; fileRef = 5507A6F11E7B450C008B9F73 /* csmhashtb.hxx */; settings = {ATTRIBUTES = (Public, ); }; };
		5507A6F51E7B451E008B9F73 /* csmhashtb.inl in Headers */ = {isa = PBXBuildFile; fileRef = 5507A6F41E7B451E008B9F73 /* csmhashtb.inl */; };
		5507A6FB1E7B47CB008B9F73 /* csmuthash.hxx in Headers */ = {isa = PBXBuildFile; fileRef = 5507A6FA1E7B47CB008B9F73 /* csmuthash.hxx */; };
		55089F4E1E8996B500B9570B /* csmglue.c in Sources */ = {isa = PBXBuildFile; fileRef = 55089F4C1E8996B500B9570B /* csmglue.c */; };
		55089F4F1E8996B500B9570B /* csmglue.h in Headers */ = {isa = PBXBuildFile; fileRef = 55089F4D1E8996B500B9570B /* csmglue.h */; };
		550E55AB1F876AB90033864A /* csmarrayc.hxx in Headers */ = {isa = PBXBuildFile; fileRef = 550E55AA1F876AB90033864A /* csmarrayc.hxx */; };
		550E55AF1F87A9440033864A /* csmarqsort.c in Sources */ = {isa = PBXBuildFile; fileRef = 550E55AD1F87A9440033864A /* csmarqsort.c */; };
		550E55B01F87A9440033864A /* csmarqsort.inl in Headers */ = {isa = PBXBuildFile; fileRef = 550E55AE1F87A9440033864A /* csmarqsort.inl */; };
		551290C72089054600D0E419 /* csmsimplifysolid.c in Sources */ = {isa = PBXBuildFile; fileRef = 551290C52089054600D0E419 /* csmsimplifysolid.c */; };
		551290C82089054600D0E419 /* csmsimplifysolid.inl in Headers */ = {isa = PBXBuildFile; fileRef = 551290C62089054600D0E419 /* csmsimplifysolid.inl */; };
		5512FD1420B4857D00809018 /* csmeuler_mvfb.c in Sources */ = {isa = PBXBuildFile; fileRef = 5512FD1220B4857D00809018 /* csmeuler_mvfb.c */; };
		5512FD1520B4857D00809018 /* csmeuler_mvfb.inl in Headers */ = {isa = PBXBuildFile; fileRef = 5512FD1320B4857D00809018 /* csmeuler_mvfb.inl */; };
		551327701EC3AF1100F2B04D /* csmvertex.tli in Headers */ = {isa = PBXBuildFile; fileRef = 5513276F1EC3AF1100F2B04D /* csmvertex.tli */; };
		551327771ECB9A6000F2B04D /* csmsetopcom.c in Sources */ = {isa = PBXBuildFile; fileRef = 551327751ECB9A6000F2B04D /* csmsetopcom.c */; };
		551327781ECB9A6000F2B04D /* csmsetopcom.inl in Headers */ = {isa = PBXBuildFile; fileRef = 551327761ECB9A6000F2B04D /* csmsetopcom.inl */; };
		5513277C1ECBA0CC00F2B04D /* csmsetop.c in Sources */ = {isa = PBXBuildFile; fileRef = 5513277A1ECBA0CC00F2B04D /* csmsetop.c */; };
		5513277D1ECBA0CC00F2B04D /* csmsetop.h in Headers */ = {isa = PBXBuildFile; fileRef = 5513277B1ECBA0CC00F2B04D /* csmsetop.h */; };
		55161B2B1F82DC3000FF0F24 /* csmarrayc.c in Sources */ = {isa = PBXBuildFile; fileRef = 55161B2A1F82DC3000FF0F24 /* csmarrayc.c */; };
		551D47591FC1CD50004F3B43 /* csmshape2d.c in Sources */ = {isa = PBXBuildFile; fileRef = 551D47571FC1CD50004F3B43 /* csmshape2d.c */; };
		551D475A1FC1CD50004F3B43 /* csmshape2d.h in Headers */ = {isa = PBXBuildFile; fileRef = 551D47581FC1CD50004F3B43 /* csmshape2d.h */; };
		551D475C1FC1CED3004F3B43 /* csmshape2d.inl in Resources */ = {isa = PBXBuildFile; fileRef = 551D475B1FC1CED3004F3B43 /* csmshape2d.inl */; };
		551D475F1FC1E012004F3B43 /* csmbasicshape2d.c in Sources */ = {isa = PBXBuildFile; fileRef = 551D475D1FC1E012004F3B43 /* csmbasicshape2d.c */; };
		551D47601FC1E012004F3B43 /* csmbasicshape2d.h in Headers */ = {isa = PBXBuildFile; fileRef = 551D475E1FC1E012004F3B43 /* csmbasicshape2d.h */; };
		55244B1D1E9F9DC0006F546E /* csmeuler_laringmv.c in Sources */ = {isa = PBXBuildFile; fileRef = 55244B1B1E9F9DC0006F546E /* csmeuler_laringmv.c */; };
		55244B1E1E9F9DC0006F546E /* csmeuler_laringmv.inl in Headers */ = {isa = PBXBuildFile; fileRef = 55244B1C1E9F9DC0006F546E /* csmeuler_laringmv.inl */; };
		55244B241EA0255A006F546E /* csmtransform.c in Sources */ = {isa = PBXBuildFile; fileRef = 55244B221EA0255A006F546E /* csmtransform.c */; };
		55244B251EA0255A006F546E /* csmtransform.inl in Headers */ = {isa = PBXBuildFile; fileRef = 55244B231EA0255A006F546E /* csmtransform.inl */; };
		55244B271EA02AED006F546E /* csmsolid.h in Headers */ = {isa = PBXBuildFile; fileRef = 55244B261EA02A68006F546E /* csmsolid.h */; settings = {ATTRIBUTES = (Public, ); }; };
		55244B2A1EAA57C4006F546E /* csmsplit.c in Sources */ = {isa = PBXBuildFile; fileRef = 55244B281EAA57C4006F546E /* csmsplit.c */; };
		55244B2B1EAA57C4006F546E /* csmsplit.h in Headers */ = {isa = PBXBuildFile; fileRef = 55244B291EAA57C4006F546E /* csmsplit.h */; };
		55308C151F92075200353A68 /* csmloop_debug.c in Sources */ = {isa = PBXBuildFile; fileRef = 55308C131F92075200353A68 /* csmloop_debug.c */; };
		55308C161F92075200353A68 /* csmloop_debug.inl in Headers */ = {isa = PBXBuildFile; fileRef = 55308C141F92075200353A68 /* csmloop_debug.inl */; };
		55308C1A1F9209BC00353A68 /* csmface_vis.c in Sources */ = {isa = PBXBuildFile; fileRef = 55308C181F9209BC00353A68 /* csmface_vis.c */; };
		55308C1B1F9209BC00353A68 /* csmface_vis.inl in Headers */ = {isa = PBXBuildFile; fileRef = 55308C191F9209BC00353A68 /* csmface_vis.inl */; };
		55308C1E1F920A8000353A68 /* csmface_debug.c in Sources */ = {isa = PBXBuildFile; fileRef = 55308C1C1F920A8000353A68 /* csmface_debug.c */; };
		55308C1F1F920A8000353A68 /* csmface_debug.inl in Headers */ = {isa = PBXBuildFile; fileRef = 55308C1D1F920A8000353A68 /* csmface_debug.inl */; };
		55308C221F920BCD00353A68 /* csmsolid_debug.c in Sources */ = {isa = PBXBuildFile; fileRef = 55308C201F920BCD00353A68 /* csmsolid_debug.c */; };
		55308C231F920BCD00353A68 /* csmsolid_debug.inl in Headers */ = {isa = PBXBuildFile; fileRef = 55308C211F920BCD00353A68 /* csmsolid_debug.inl */; };
		55308C261F920D1800353A68 /* csmsolid_vis.c in Sources */ = {isa = PBXBuildFile; fileRef = 55308C241F920D1800353A68 /* csmsolid_vis.c */; };
		55308C271F920D1800353A68 /* csmsolid_vis.h in Headers */ = {isa = PBXBuildFile; fileRef = 55308C251F920D1800353A68 /* csmsolid_vis.h */; };
		55308C2A1F92122500353A68 /* csmedge_debug.c in Sources */ = {isa = PBXBuildFile; fileRef = 55308C281F92122500353A68 /* csmedge_debug.c */; };
		55308C2B1F92122500353A68 /* csmedge_debug.inl in Headers */ = {isa = PBXBuildFile; fileRef = 55308C291F92122500353A68 /* csmedge_debug.inl */; };
		55308C331F92161F00353A68 /* csmvertex_debug.c in Sources */ = {isa = PBXBuildFile; fileRef = 55308C311F92161F00353A68 /* csmvertex_debug.c */; };
		55308C341F92161F00353A68 /* csmvertex_debug.inl in Headers */ = {isa = PBXBuildFile; fileRef = 55308C321F92161F00353A68 /* csmvertex_debug.inl */; };
		55308C371F921A5600353A68 /* csmtest_array.c in Sources */ = {isa = PBXBuildFile; fileRef = 55308C351F921A5600353A68 /* csmtest_array.c */; };
		55308C381F921A5600353A68 /* csmtest_array.inl in Headers */ = {isa = PBXBuildFile; fileRef = 55308C361F921A5600353A68 /* csmtest_array.inl */; };
		55308C3B1F92219600353A68 /* csmmaterial.c in Sources */ = {isa = PBXBuildFile; fileRef = 55308C391F92219600353A68 /* csmmaterial.c */; };
		55308C3C1F92219600353A68 /* csmmaterial.h in Headers */ = {isa = PBXBuildFile; fileRef = 55308C3A1F92219600353A68 /* csmmaterial.h */; };
		55308C3E1F9222B500353A68 /* csmmaterial.inl in Resources */ = {isa = PBXBuildFile; fileRef = 55308C3D1F9222B500353A68 /* csmmaterial.inl */; };
		55308C401F92269800353A68 /* csmmaterial.tli in Headers */ = {isa = PBXBuildFile; fileRef = 55308C3F1F92269800353A68 /* csmmaterial.tli */; };
		5532DDB81E8FFE810047B9DF /* csmloopglue.c in Sources */ = {isa = PBXBuildFile; fileRef = 5532DDB61E8FFE810047B9DF /* csmloopglue.c */; };
		5532DDB91E8FFE810047B9DF /* csmloopglue.inl in Headers */ = {isa = PBXBuildFile; fileRef = 5532DDB71E8FFE810047B9DF /* csmloopglue.inl */; };
		5532DDBF1E9001390047B9DF /* csmtolerance.c in Sources */ = {isa = PBXBuildFile; fileRef = 5532DDBD1E9001390047B9DF /* csmtolerance.c */; };
		5532DDC01E9001390047B9DF /* csmtolerance.inl in Headers */ = {isa = PBXBuildFile; fileRef = 5532DDBE1E9001390047B9DF /* csmtolerance.inl */; };
		55354A441E9AE595007B0692 /* csmmath.tli in Headers */ = {isa = PBXBuildFile; fileRef = 55354A431E9AE595007B0692 /* csmmath.tli */; settings = {ATTRIBUTES = (Public, ); }; };
		5536C8731FC1F4DB005CE275 /* WinFrames2.framework in Frameworks */ = {isa = PBXBuildFile; fileRef = 5536C86C1FC1F4B7005CE275 /* WinFrames2.framework */; };
		5536C8741FC1F4DB005CE275 /* WinFrames3.framework in Frameworks */ = {isa = PBXBuildFile; fileRef = 5536C8631FC1F4AD005CE275 /* WinFrames3.framework */; };
		553E63E71FF6990400A15475 /* csmsplit.hxx in Headers */ = {isa = PBXBuildFile; fileRef = 553E63E61FF6990400A15475 /* csmsplit.hxx */; };
		553E63E91FF69E0600A15475 /* csmsetop.hxx in Headers */ = {isa = PBXBuildFile; fileRef = 553E63E81FF69E0600A15475 /* csmsetop.hxx */; };
		554E4F7C1FC1EFDE00D8E7D4 /* Info.plist in Resources */ = {isa = PBXBuildFile; fileRef = 5579545C1E5DB074000FC91E /* Info.plist */; };
		5559D4E4204F3F310058F6F5 /* csmsetop_join.c in Sources */ = {isa = PBXBuildFile; fileRef = 5559D4E2204F3F310058F6F5 /* csmsetop_join.c */; };
		5559D4E5204F3F310058F6F5 /* csmsetop_join.inl in Headers */ = {isa = PBXBuildFile; fileRef = 5559D4E3204F3F310058F6F5 /* csmsetop_join.inl */; };
		557012A01E8328E400DFC490 /* csmsweep.c in Sources */ = {isa = PBXBuildFile; fileRef = 5570129E1E8328E400DFC490 /* csmsweep.c */; };
		557012A11E8328E400DFC490 /* csmsweep.h in Headers */ = {isa = PBXBuildFile; fileRef = 5570129F1E8328E400DFC490 /* csmsweep.h */; };
		557012BC1E832F0300DFC490 /* csmgeom.c in Sources */ = {isa = PBXBuildFile; fileRef = 557012BA1E832F0300DFC490 /* csmgeom.c */; };
		557012BD1E832F0300DFC490 /* csmgeom.inl in Headers */ = {isa = PBXBuildFile; fileRef = 557012BB1E832F0300DFC490 /* csmgeom.inl */; };
		557012C01E832F9600DFC490 /* csmmath.c in Sources */ = {isa = PBXBuildFile; fileRef = 557012BE1E832F9600DFC490 /* csmmath.c */; };
		557012C11E832F9600DFC490 /* csmmath.inl in Headers */ = {isa = PBXBuildFile; fileRef = 557012BF1E832F9600DFC490 /* csmmath.inl */; };
		5579545D1E5DB074000FC91E /* rGWB.h in Headers */ = {isa = PBXBuildFile; fileRef = 5579545B1E5DB074000FC91E /* rGWB.h */; settings = {ATTRIBUTES = (Public, ); }; };
		557954681E5DB0A8000FC91E /* csmassert.c in Sources */ = {isa = PBXBuildFile; fileRef = 557954641E5DB0A8000FC91E /* csmassert.c */; };
		557954691E5DB0A8000FC91E /* csmmem.inl in Resources */ = {isa = PBXBuildFile; fileRef = 557954651E5DB0A8000FC91E /* csmmem.inl */; };
		5579546A1E5DB0A8000FC91E /* csmmem.c in Sources */ = {isa = PBXBuildFile; fileRef = 557954661E5DB0A8000FC91E /* csmmem.c */; };
		5579546F1E5DB24E000FC91E /* csmvertex.c in Sources */ = {isa = PBXBuildFile; fileRef = 5579546D1E5DB24E000FC91E /* csmvertex.c */; };
		557954701E5DB24E000FC91E /* csmvertex.inl in Headers */ = {isa = PBXBuildFile; fileRef = 5579546E1E5DB24E000FC91E /* csmvertex.inl */; };
		557954721E5DB275000FC91E /* csmfwddecl.hxx in Headers */ = {isa = PBXBuildFile; fileRef = 557954711E5DB275000FC91E /* csmfwddecl.hxx */; settings = {ATTRIBUTES = (Public, ); }; };
		557954771E5E0694000FC91E /* csmid.c in Sources */ = {isa = PBXBuildFile; fileRef = 557954751E5E0694000FC91E /* csmid.c */; };
		557954781E5E0694000FC91E /* csmid.inl in Headers */ = {isa = PBXBuildFile; fileRef = 557954761E5E0694000FC91E /* csmid.inl */; };
		5579547D1E5E1403000FC91E /* csmhedge.c in Sources */ = {isa = PBXBuildFile; fileRef = 5579547B1E5E1403000FC91E /* csmhedge.c */; };
		5579547E1E5E1403000FC91E /* csmhedge.inl in Headers */ = {isa = PBXBuildFile; fileRef = 5579547C1E5E1403000FC91E /* csmhedge.inl */; };
		557954811E5E1AA9000FC91E /* csmnode.c in Sources */ = {isa = PBXBuildFile; fileRef = 5579547F1E5E1AA9000FC91E /* csmnode.c */; };
		557954821E5E1AA9000FC91E /* csmnode.inl in Headers */ = {isa = PBXBuildFile; fileRef = 557954801E5E1AA9000FC91E /* csmnode.inl */; };
		557954841E5E1AE9000FC91E /* csmnode.hxx in Headers */ = {isa = PBXBuildFile; fileRef = 557954831E5E1AE9000FC91E /* csmnode.hxx */; };
		557954871E5E2DCB000FC91E /* csmstring.c in Sources */ = {isa = PBXBuildFile; fileRef = 557954851E5E2DCB000FC91E /* csmstring.c */; };
		557954881E5E2DCB000FC91E /* csmstring.inl in Headers */ = {isa = PBXBuildFile; fileRef = 557954861E5E2DCB000FC91E /* csmstring.inl */; };
		5579548C1E5E41C1000FC91E /* csmedge.c in Sources */ = {isa = PBXBuildFile; fileRef = 5579548A1E5E41C1000FC91E /* csmedge.c */; };
		5579548D1E5E41C1000FC91E /* csmedge.inl in Headers */ = {isa = PBXBuildFile; fileRef = 5579548B1E5E41C1000FC91E /* csmedge.inl */; };
		557954911E5E446C000FC91E /* csmloop.c in Sources */ = {isa = PBXBuildFile; fileRef = 5579548F1E5E446C000FC91E /* csmloop.c */; };
		557954921E5E446C000FC91E /* csmloop.inl in Headers */ = {isa = PBXBuildFile; fileRef = 557954901E5E446C000FC91E /* csmloop.inl */; };
		557954951E5E4742000FC91E /* csmface.c in Sources */ = {isa = PBXBuildFile; fileRef = 557954931E5E4742000FC91E /* csmface.c */; };
		557954961E5E4742000FC91E /* csmface.inl in Headers */ = {isa = PBXBuildFile; fileRef = 557954941E5E4742000FC91E /* csmface.inl */; };
		557954991E5E4811000FC91E /* csmbbox.c in Sources */ = {isa = PBXBuildFile; fileRef = 557954971E5E4811000FC91E /* csmbbox.c */; };
		5579549A1E5E4811000FC91E /* csmbbox.inl in Headers */ = {isa = PBXBuildFile; fileRef = 557954981E5E4811000FC91E /* csmbbox.inl */; };
		5579549F1E5F942E000FC91E /* csmsolid.c in Sources */ = {isa = PBXBuildFile; fileRef = 5579549D1E5F942E000FC91E /* csmsolid.c */; };
		557954A01E5F942E000FC91E /* csmsolid.inl in Headers */ = {isa = PBXBuildFile; fileRef = 5579549E1E5F942E000FC91E /* csmsolid.inl */; };
		557954A21E60D064000FC91E /* csmsolid.tli in Headers */ = {isa = PBXBuildFile; fileRef = 557954A11E60D064000FC91E /* csmsolid.tli */; };
		557954A51E60D0EF000FC91E /* csmeuler_mvfs.c in Sources */ = {isa = PBXBuildFile; fileRef = 557954A31E60D0EF000FC91E /* csmeuler_mvfs.c */; };
		557954A61E60D0EF000FC91E /* csmeuler_mvfs.inl in Headers */ = {isa = PBXBuildFile; fileRef = 557954A41E60D0EF000FC91E /* csmeuler_mvfs.inl */; };
		5585C6B71FCB3DFA0045898B /* csmsubdvfaces.c in Sources */ = {isa = PBXBuildFile; fileRef = 5585C6B51FCB3DFA0045898B /* csmsubdvfaces.c */; };
		5585C6B81FCB3DFA0045898B /* csmsubdvfaces.inl in Headers */ = {isa = PBXBuildFile; fileRef = 5585C6B61FCB3DFA0045898B /* csmsubdvfaces.inl */; };
		5589F1EC2083EBE200526923 /* csmoptree.c in Sources */ = {isa = PBXBuildFile; fileRef = 5589F1EA2083EBE200526923 /* csmoptree.c */; };
		5589F1ED2083EBE200526923 /* csmoptree.h in Headers */ = {isa = PBXBuildFile; fileRef = 5589F1EB2083EBE200526923 /* csmoptree.h */; };
		5589F1EF2083EFE400526923 /* csmoptree.hxx in Headers */ = {isa = PBXBuildFile; fileRef = 5589F1EE2083EFE400526923 /* csmoptree.hxx */; };
		558DE349208B2ADD00AC42F4 /* csmfacbrep2solid.c in Sources */ = {isa = PBXBuildFile; fileRef = 558DE347208B2ADD00AC42F4 /* csmfacbrep2solid.c */; };
		558DE34A208B2ADD00AC42F4 /* csmfacbrep2solid.h in Headers */ = {isa = PBXBuildFile; fileRef = 558DE348208B2ADD00AC42F4 /* csmfacbrep2solid.h */; };
		558DE34F208B379700AC42F4 /* csmfacbrep2solid.hxx in Headers */ = {isa = PBXBuildFile; fileRef = 558DE34E208B379700AC42F4 /* csmfacbrep2solid.hxx */; };
		559452861F79A0E5002AF198 /* csmquadrics.c in Sources */ = {isa = PBXBuildFile; fileRef = 559452841F79A0E5002AF198 /* csmquadrics.c */; };
		559452871F79A0E5002AF198 /* csmquadrics.h in Headers */ = {isa = PBXBuildFile; fileRef = 559452851F79A0E5002AF198 /* csmquadrics.h */; };
		5598D6131F24E7F600EA1876 /* csmviewer.mm in Sources */ = {isa = PBXBuildFile; fileRef = 5598D6111F24E7F600EA1876 /* csmviewer.mm */; };
		5598D6141F24E7F600EA1876 /* csmviewer.inl in Resources */ = {isa = PBXBuildFile; fileRef = 5598D6121F24E7F600EA1876 /* csmviewer.inl */; };
		5598D65C1F24EE4000EA1876 /* basicGraphics.framework in Frameworks */ = {isa = PBXBuildFile; fileRef = 5598D6341F24E8AF00EA1876 /* basicGraphics.framework */; };
		5598D6661F24EE4000EA1876 /* basicMenu.framework in Frameworks */ = {isa = PBXBuildFile; fileRef = 5598D6611F24EE4000EA1876 /* basicMenu.framework */; };
		5598D6671F24EE4000EA1876 /* basicReceptor.framework in Frameworks */ = {isa = PBXBuildFile; fileRef = 5598D6621F24EE4000EA1876 /* basicReceptor.framework */; };
		5598D6681F24EE4000EA1876 /* callback.framework in Frameworks */ = {isa = PBXBuildFile; fileRef = 5598D6631F24EE4000EA1876 /* callback.framework */; };
		5598D6691F24EE4000EA1876 /* cyscngraf.framework in Frameworks */ = {isa = PBXBuildFile; fileRef = 5598D6641F24EE4000EA1876 /* cyscngraf.framework */; };
		5598D66A1F24EE4000EA1876 /* SnapFramework.framework in Frameworks */ = {isa = PBXBuildFile; fileRef = 5598D6651F24EE4000EA1876 /* SnapFramework.framework */; };
		55A9842C1FBCC9DC009F7516 /* License.txt in Resources */ = {isa = PBXBuildFile; fileRef = 55A9842B1FBCC9DC009F7516 /* License.txt */; };
		55A9843A1FBE3A6A009F7516 /* csmArrPoint2D.c in Sources */ = {isa = PBXBuildFile; fileRef = 55A984361FBE3A6A009F7516 /* csmArrPoint2D.c */; };
		55A9843B1FBE3A6A009F7516 /* csmArrPoint2D.h in Headers */ = {isa = PBXBuildFile; fileRef = 55A984371FBE3A6A009F7516 /* csmArrPoint2D.h */; };
		55A9843C1FBE3A6A009F7516 /* csmArrPoint3D.c in Sources */ = {isa = PBXBuildFile; fileRef = 55A984381FBE3A6A009F7516 /* csmArrPoint3D.c */; };
		55A9843D1FBE3A6A009F7516 /* csmArrPoint3D.h in Headers */ = {isa = PBXBuildFile; fileRef = 55A984391FBE3A6A009F7516 /* csmArrPoint3D.h */; };
		55A9843F1FBE3A8D009F7516 /* csmArrPoint3D.hxx in Headers */ = {isa = PBXBuildFile; fileRef = 55A9843E1FBE3A8D009F7516 /* csmArrPoint3D.hxx */; };
		55A984411FBE434A009F7516 /* csmArrPoint2D.hxx in Headers */ = {isa = PBXBuildFile; fileRef = 55A984401FBE434A009F7516 /* csmArrPoint2D.hxx */; };
		55B54B771FBA4C5E00DE5833 /* csmexplode.c in Sources */ = {isa = PBXBuildFile; fileRef = 55B54B751FBA4C5E00DE5833 /* csmexplode.c */; };
		55B54B781FBA4C5E00DE5833 /* csmexplode.h in Headers */ = {isa = PBXBuildFile; fileRef = 55B54B761FBA4C5E00DE5833 /* csmexplode.h */; };
		55C6F71F1F82E7CF005EA51D /* csmassert.inl in Headers */ = {isa = PBXBuildFile; fileRef = 55C6F71E1F82E7CF005EA51D /* csmassert.inl */; };
		55E30FA91F24BAB300EDE74F /* csmdebug.mm in Sources */ = {isa = PBXBuildFile; fileRef = 55E30FA71F24BAB300EDE74F /* csmdebug.mm */; };
		55E30FAA1F24BAB300EDE74F /* csmdebug.inl in Headers */ = {isa = PBXBuildFile; fileRef = 55E30FA81F24BAB300EDE74F /* csmdebug.inl */; settings = {ATTRIBUTES = (Public, ); }; };
		55EA991A1ED389C0006C063C /* csmsetop_vtxfacc.c in Sources */ = {isa = PBXBuildFile; fileRef = 55EA99181ED389C0006C063C /* csmsetop_vtxfacc.c */; };
		55EA991B1ED389C0006C063C /* csmsetop_vtxfacc.inl in Headers */ = {isa = PBXBuildFile; fileRef = 55EA99191ED389C0006C063C /* csmsetop_vtxfacc.inl */; };
		55EA991F1ED38E66006C063C /* csmsetop_vtxvtx.c in Sources */ = {isa = PBXBuildFile; fileRef = 55EA991D1ED38E66006C063C /* csmsetop_vtxvtx.c */; };
		55EA99201ED38E66006C063C /* csmsetop_vtxvtx.inl in Headers */ = {isa = PBXBuildFile; fileRef = 55EA991E1ED38E66006C063C /* csmsetop_vtxvtx.inl */; };
		55EA99231ED38FCD006C063C /* csmsetop_procedges.c in Sources */ = {isa = PBXBuildFile; fileRef = 55EA99211ED38FCD006C063C /* csmsetop_procedges.c */; };
		55EA99241ED38FCD006C063C /* csmsetop_procedges.inl in Headers */ = {isa = PBXBuildFile; fileRef = 55EA99221ED38FCD006C063C /* csmsetop_procedges.inl */; };
		55F83C6A1FC4A33B009DBBEF /* csmsurface.c in Sources */ = {isa = PBXBuildFile; fileRef = 55F83C681FC4A33B009DBBEF /* csmsurface.c */; };
		55F83C6B1FC4A33B009DBBEF /* csmsurface.inl in Headers */ = {isa = PBXBuildFile; fileRef = 55F83C691FC4A33B009DBBEF /* csmsurface.inl */; };
		55FA851720853B7200FB00EE /* csmstmodeler.c in Sources */ = {isa = PBXBuildFile; fileRef = 55FA851520853B7200FB00EE /* csmstmodeler.c */; };
		55FA851820853B7200FB00EE /* csmstmodeler.h in Headers */ = {isa = PBXBuildFile; fileRef = 55FA851620853B7200FB00EE /* csmstmodeler.h */; };
		55FA851D20853B8B00FB00EE /* csmstmodeler.hxx in Headers */ = {isa = PBXBuildFile; fileRef = 55FA851C20853B8B00FB00EE /* csmstmodeler.hxx */; };
/* End PBXBuildFile section */

/* Begin PBXContainerItemProxy section */
		5536C8621FC1F4AD005CE275 /* PBXContainerItemProxy */ = {
			isa = PBXContainerItemProxy;
			containerPortal = 5536C85D1FC1F4AD005CE275 /* WinFrames3.xcodeproj */;
			proxyType = 2;
			remoteGlobalIDString = 553226B519E68D29002BB462;
			remoteInfo = WinFrames3;
		};
		5536C8641FC1F4AD005CE275 /* PBXContainerItemProxy */ = {
			isa = PBXContainerItemProxy;
			containerPortal = 5536C85D1FC1F4AD005CE275 /* WinFrames3.xcodeproj */;
			proxyType = 2;
			remoteGlobalIDString = 553226C019E68D29002BB462;
			remoteInfo = WinFrames3Tests;
		};
		5536C86B1FC1F4B7005CE275 /* PBXContainerItemProxy */ = {
			isa = PBXContainerItemProxy;
			containerPortal = 5536C8661FC1F4B7005CE275 /* WinFrames2.xcodeproj */;
			proxyType = 2;
			remoteGlobalIDString = 5532230319E68004002BB462;
			remoteInfo = WinFrames2;
		};
		5536C86D1FC1F4B7005CE275 /* PBXContainerItemProxy */ = {
			isa = PBXContainerItemProxy;
			containerPortal = 5536C8661FC1F4B7005CE275 /* WinFrames2.xcodeproj */;
			proxyType = 2;
			remoteGlobalIDString = 5532230E19E68004002BB462;
			remoteInfo = WinFrames2Tests;
		};
		5536C86F1FC1F4D0005CE275 /* PBXContainerItemProxy */ = {
			isa = PBXContainerItemProxy;
			containerPortal = 5536C8661FC1F4B7005CE275 /* WinFrames2.xcodeproj */;
			proxyType = 1;
			remoteGlobalIDString = 5532230219E68004002BB462;
			remoteInfo = WinFrames2;
		};
		5536C8711FC1F4D0005CE275 /* PBXContainerItemProxy */ = {
			isa = PBXContainerItemProxy;
			containerPortal = 5536C85D1FC1F4AD005CE275 /* WinFrames3.xcodeproj */;
			proxyType = 1;
			remoteGlobalIDString = 553226B419E68D29002BB462;
			remoteInfo = WinFrames3;
		};
		5598D6331F24E8AF00EA1876 /* PBXContainerItemProxy */ = {
			isa = PBXContainerItemProxy;
			containerPortal = 5598D6191F24E8AF00EA1876 /* basicGraphics.xcodeproj */;
			proxyType = 2;
			remoteGlobalIDString = 553220AB19E67826002BB462;
			remoteInfo = basicGraphics;
		};
		5598D6351F24E8AF00EA1876 /* PBXContainerItemProxy */ = {
			isa = PBXContainerItemProxy;
			containerPortal = 5598D6191F24E8AF00EA1876 /* basicGraphics.xcodeproj */;
			proxyType = 2;
			remoteGlobalIDString = 553220B619E67826002BB462;
			remoteInfo = basicGraphicsTests;
		};
		5598D64F1F24E8BA00EA1876 /* PBXContainerItemProxy */ = {
			isa = PBXContainerItemProxy;
			containerPortal = 5598D6191F24E8AF00EA1876 /* basicGraphics.xcodeproj */;
			proxyType = 1;
			remoteGlobalIDString = 553220AA19E67826002BB462;
			remoteInfo = basicGraphics;
		};
/* End PBXContainerItemProxy section */

/* Begin PBXFileReference section */
		550765CF1F9205BC00E6BD2E /* csmloop.tli */ = {isa = PBXFileReference; explicitFileType = sourcecode.c; path = csmloop.tli; sourceTree = "<group>"; };
		5507A5C41E6624E7008B9F73 /* csmopbas.c */ = {isa = PBXFileReference; fileEncoding = 4; lastKnownFileType = sourcecode.c.c; lineEnding = 2; path = csmopbas.c; sourceTree = "<group>"; };
		5507A5C51E6624E7008B9F73 /* csmopbas.inl */ = {isa = PBXFileReference; fileEncoding = 4; lastKnownFileType = text; path = csmopbas.inl; sourceTree = "<group>"; };
		5507A5C81E662758008B9F73 /* csmeuler_lmev.c */ = {isa = PBXFileReference; fileEncoding = 4; lastKnownFileType = sourcecode.c.c; path = csmeuler_lmev.c; sourceTree = "<group>"; };
		5507A5C91E662758008B9F73 /* csmeuler_lmev.inl */ = {isa = PBXFileReference; fileEncoding = 4; lastKnownFileType = text; path = csmeuler_lmev.inl; sourceTree = "<group>"; };
		5507A61F1E6B744A008B9F73 /* csmeuler_lkev.inl */ = {isa = PBXFileReference; fileEncoding = 4; lastKnownFileType = text; path = csmeuler_lkev.inl; sourceTree = "<group>"; };
		5507A6221E6B8714008B9F73 /* csmtest.c */ = {isa = PBXFileReference; explicitFileType = sourcecode.c.objc; fileEncoding = 4; path = csmtest.c; sourceTree = "<group>"; };
		5507A6231E6B8714008B9F73 /* csmtest.h */ = {isa = PBXFileReference; fileEncoding = 4; lastKnownFileType = sourcecode.c.h; path = csmtest.h; sourceTree = "<group>"; };
		5507A6271E700F7C008B9F73 /* csmeuler_lmef.c */ = {isa = PBXFileReference; fileEncoding = 4; lastKnownFileType = sourcecode.c.c; path = csmeuler_lmef.c; sourceTree = "<group>"; };
		5507A6281E700F7C008B9F73 /* csmeuler_lmef.inl */ = {isa = PBXFileReference; fileEncoding = 4; lastKnownFileType = text; path = csmeuler_lmef.inl; sourceTree = "<group>"; };
		5507A62B1E701441008B9F73 /* csmeuler_lkef.c */ = {isa = PBXFileReference; fileEncoding = 4; lastKnownFileType = sourcecode.c.c; path = csmeuler_lkef.c; sourceTree = "<group>"; };
		5507A62C1E701441008B9F73 /* csmeuler_lkef.inl */ = {isa = PBXFileReference; fileEncoding = 4; lastKnownFileType = text; path = csmeuler_lkef.inl; sourceTree = "<group>"; };
		5507A64C1E70372E008B9F73 /* csmeuler_lkev.c */ = {isa = PBXFileReference; fileEncoding = 4; lastKnownFileType = sourcecode.c.c; path = csmeuler_lkev.c; sourceTree = "<group>"; };
		5507A64E1E705618008B9F73 /* csmeuler_kvfs.c */ = {isa = PBXFileReference; fileEncoding = 4; lastKnownFileType = sourcecode.c.c; path = csmeuler_kvfs.c; sourceTree = "<group>"; };
		5507A64F1E705618008B9F73 /* csmeuler_kvfs.inl */ = {isa = PBXFileReference; fileEncoding = 4; lastKnownFileType = text; path = csmeuler_kvfs.inl; sourceTree = "<group>"; };
		5507A6761E7341CD008B9F73 /* csmeuler_lkemr.c */ = {isa = PBXFileReference; fileEncoding = 4; lastKnownFileType = sourcecode.c.c; path = csmeuler_lkemr.c; sourceTree = "<group>"; };
		5507A6771E7341CD008B9F73 /* csmeuler_lkemr.inl */ = {isa = PBXFileReference; fileEncoding = 4; lastKnownFileType = text; path = csmeuler_lkemr.inl; sourceTree = "<group>"; };
		5507A67A1E73484D008B9F73 /* csmeuler_lmekr.c */ = {isa = PBXFileReference; fileEncoding = 4; lastKnownFileType = sourcecode.c.c; path = csmeuler_lmekr.c; sourceTree = "<group>"; };
		5507A67B1E73484D008B9F73 /* csmeuler_lmekr.inl */ = {isa = PBXFileReference; fileEncoding = 4; lastKnownFileType = text; path = csmeuler_lmekr.inl; sourceTree = "<group>"; };
		5507A67E1E7362EF008B9F73 /* csmeuler_lkfmrh.c */ = {isa = PBXFileReference; fileEncoding = 4; lastKnownFileType = sourcecode.c.c; path = csmeuler_lkfmrh.c; sourceTree = "<group>"; };
		5507A67F1E7362EF008B9F73 /* csmeuler_lkfmrh.inl */ = {isa = PBXFileReference; fileEncoding = 4; lastKnownFileType = text; path = csmeuler_lkfmrh.inl; sourceTree = "<group>"; };
		5507A6821E736565008B9F73 /* csmeuler_lmfkrh.c */ = {isa = PBXFileReference; fileEncoding = 4; lastKnownFileType = sourcecode.c.c; path = csmeuler_lmfkrh.c; sourceTree = "<group>"; };
		5507A6831E736565008B9F73 /* csmeuler_lmfkrh.inl */ = {isa = PBXFileReference; fileEncoding = 4; lastKnownFileType = text; path = csmeuler_lmfkrh.inl; sourceTree = "<group>"; };
		5507A6861E736714008B9F73 /* csmeuler_lringmv.c */ = {isa = PBXFileReference; fileEncoding = 4; lastKnownFileType = sourcecode.c.c; path = csmeuler_lringmv.c; sourceTree = "<group>"; };
		5507A6871E736714008B9F73 /* csmeuler_lringmv.inl */ = {isa = PBXFileReference; fileEncoding = 4; lastKnownFileType = text; path = csmeuler_lringmv.inl; sourceTree = "<group>"; };
		5507A6EB1E7B40BA008B9F73 /* Cocoa.framework */ = {isa = PBXFileReference; lastKnownFileType = wrapper.framework; name = Cocoa.framework; path = System/Library/Frameworks/Cocoa.framework; sourceTree = SDKROOT; };
		5507A6ED1E7B40C1008B9F73 /* Foundation.framework */ = {isa = PBXFileReference; lastKnownFileType = wrapper.framework; name = Foundation.framework; path = System/Library/Frameworks/Foundation.framework; sourceTree = SDKROOT; };
		5507A6F01E7B450C008B9F73 /* csmhashtb.c */ = {isa = PBXFileReference; fileEncoding = 4; lastKnownFileType = sourcecode.c.c; path = csmhashtb.c; sourceTree = "<group>"; };
		5507A6F11E7B450C008B9F73 /* csmhashtb.hxx */ = {isa = PBXFileReference; fileEncoding = 4; lastKnownFileType = sourcecode.cpp.h; path = csmhashtb.hxx; sourceTree = "<group>"; };
		5507A6F41E7B451E008B9F73 /* csmhashtb.inl */ = {isa = PBXFileReference; fileEncoding = 4; lastKnownFileType = text; path = csmhashtb.inl; sourceTree = "<group>"; };
		5507A6FA1E7B47CB008B9F73 /* csmuthash.hxx */ = {isa = PBXFileReference; fileEncoding = 4; lastKnownFileType = sourcecode.cpp.h; path = csmuthash.hxx; sourceTree = "<group>"; };
		55089F4C1E8996B500B9570B /* csmglue.c */ = {isa = PBXFileReference; fileEncoding = 4; lastKnownFileType = sourcecode.c.c; path = csmglue.c; sourceTree = "<group>"; };
		55089F4D1E8996B500B9570B /* csmglue.h */ = {isa = PBXFileReference; fileEncoding = 4; lastKnownFileType = sourcecode.c.h; path = csmglue.h; sourceTree = "<group>"; };
		550E55AA1F876AB90033864A /* csmarrayc.hxx */ = {isa = PBXFileReference; lastKnownFileType = sourcecode.cpp.h; path = csmarrayc.hxx; sourceTree = "<group>"; };
		550E55AC1F87811A0033864A /* csmtypes.hxx */ = {isa = PBXFileReference; lastKnownFileType = sourcecode.cpp.h; path = csmtypes.hxx; sourceTree = "<group>"; };
		550E55AD1F87A9440033864A /* csmarqsort.c */ = {isa = PBXFileReference; lastKnownFileType = sourcecode.c.c; path = csmarqsort.c; sourceTree = "<group>"; };
		550E55AE1F87A9440033864A /* csmarqsort.inl */ = {isa = PBXFileReference; lastKnownFileType = text; path = csmarqsort.inl; sourceTree = "<group>"; };
		551290C52089054600D0E419 /* csmsimplifysolid.c */ = {isa = PBXFileReference; lastKnownFileType = sourcecode.c.c; path = csmsimplifysolid.c; sourceTree = "<group>"; };
		551290C62089054600D0E419 /* csmsimplifysolid.inl */ = {isa = PBXFileReference; lastKnownFileType = text; path = csmsimplifysolid.inl; sourceTree = "<group>"; };
		5512FD1220B4857D00809018 /* csmeuler_mvfb.c */ = {isa = PBXFileReference; lastKnownFileType = sourcecode.c.c; path = csmeuler_mvfb.c; sourceTree = "<group>"; };
		5512FD1320B4857D00809018 /* csmeuler_mvfb.inl */ = {isa = PBXFileReference; lastKnownFileType = text; path = csmeuler_mvfb.inl; sourceTree = "<group>"; };
		5513276F1EC3AF1100F2B04D /* csmvertex.tli */ = {isa = PBXFileReference; fileEncoding = 4; lastKnownFileType = text; path = csmvertex.tli; sourceTree = "<group>"; };
		551327741EC3B06800F2B04D /* csmvertex.hxx */ = {isa = PBXFileReference; lastKnownFileType = sourcecode.cpp.h; path = csmvertex.hxx; sourceTree = "<group>"; };
		551327751ECB9A6000F2B04D /* csmsetopcom.c */ = {isa = PBXFileReference; explicitFileType = sourcecode.c.objc; fileEncoding = 4; lineEnding = 2; path = csmsetopcom.c; sourceTree = "<group>"; };
		551327761ECB9A6000F2B04D /* csmsetopcom.inl */ = {isa = PBXFileReference; fileEncoding = 4; lastKnownFileType = text; path = csmsetopcom.inl; sourceTree = "<group>"; };
		5513277A1ECBA0CC00F2B04D /* csmsetop.c */ = {isa = PBXFileReference; explicitFileType = sourcecode.c.objc; fileEncoding = 4; path = csmsetop.c; sourceTree = "<group>"; };
		5513277B1ECBA0CC00F2B04D /* csmsetop.h */ = {isa = PBXFileReference; fileEncoding = 4; lastKnownFileType = sourcecode.c.h; path = csmsetop.h; sourceTree = "<group>"; };
		55161B201F82DC3000FF0F24 /* csmarrayc.inl */ = {isa = PBXFileReference; lastKnownFileType = text; path = csmarrayc.inl; sourceTree = "<group>"; };
		55161B2A1F82DC3000FF0F24 /* csmarrayc.c */ = {isa = PBXFileReference; lastKnownFileType = sourcecode.c.c; path = csmarrayc.c; sourceTree = "<group>"; };
		551D47571FC1CD50004F3B43 /* csmshape2d.c */ = {isa = PBXFileReference; explicitFileType = sourcecode.c.objc; path = csmshape2d.c; sourceTree = "<group>"; };
		551D47581FC1CD50004F3B43 /* csmshape2d.h */ = {isa = PBXFileReference; lastKnownFileType = sourcecode.c.h; path = csmshape2d.h; sourceTree = "<group>"; };
		551D475B1FC1CED3004F3B43 /* csmshape2d.inl */ = {isa = PBXFileReference; lastKnownFileType = text; path = csmshape2d.inl; sourceTree = "<group>"; };
		551D475D1FC1E012004F3B43 /* csmbasicshape2d.c */ = {isa = PBXFileReference; lastKnownFileType = sourcecode.c.c; path = csmbasicshape2d.c; sourceTree = "<group>"; };
		551D475E1FC1E012004F3B43 /* csmbasicshape2d.h */ = {isa = PBXFileReference; lastKnownFileType = sourcecode.c.h; path = csmbasicshape2d.h; sourceTree = "<group>"; };
		55244B1B1E9F9DC0006F546E /* csmeuler_laringmv.c */ = {isa = PBXFileReference; fileEncoding = 4; lastKnownFileType = sourcecode.c.c; path = csmeuler_laringmv.c; sourceTree = "<group>"; };
		55244B1C1E9F9DC0006F546E /* csmeuler_laringmv.inl */ = {isa = PBXFileReference; fileEncoding = 4; lastKnownFileType = text; path = csmeuler_laringmv.inl; sourceTree = "<group>"; };
		55244B221EA0255A006F546E /* csmtransform.c */ = {isa = PBXFileReference; fileEncoding = 4; lastKnownFileType = sourcecode.c.c; path = csmtransform.c; sourceTree = "<group>"; };
		55244B231EA0255A006F546E /* csmtransform.inl */ = {isa = PBXFileReference; fileEncoding = 4; lastKnownFileType = text; path = csmtransform.inl; sourceTree = "<group>"; };
		55244B261EA02A68006F546E /* csmsolid.h */ = {isa = PBXFileReference; lastKnownFileType = sourcecode.c.h; path = csmsolid.h; sourceTree = "<group>"; };
		55244B281EAA57C4006F546E /* csmsplit.c */ = {isa = PBXFileReference; explicitFileType = sourcecode.c.objc; fileEncoding = 4; path = csmsplit.c; sourceTree = "<group>"; };
		55244B291EAA57C4006F546E /* csmsplit.h */ = {isa = PBXFileReference; fileEncoding = 4; lastKnownFileType = sourcecode.c.h; path = csmsplit.h; sourceTree = "<group>"; };
		55308C131F92075200353A68 /* csmloop_debug.c */ = {isa = PBXFileReference; explicitFileType = sourcecode.c.objc; path = csmloop_debug.c; sourceTree = "<group>"; };
		55308C141F92075200353A68 /* csmloop_debug.inl */ = {isa = PBXFileReference; lastKnownFileType = text; path = csmloop_debug.inl; sourceTree = "<group>"; };
		55308C171F92096A00353A68 /* csmface.tli */ = {isa = PBXFileReference; explicitFileType = sourcecode.c.h; path = csmface.tli; sourceTree = "<group>"; };
		55308C181F9209BC00353A68 /* csmface_vis.c */ = {isa = PBXFileReference; explicitFileType = sourcecode.c.objc; path = csmface_vis.c; sourceTree = "<group>"; };
		55308C191F9209BC00353A68 /* csmface_vis.inl */ = {isa = PBXFileReference; lastKnownFileType = text; path = csmface_vis.inl; sourceTree = "<group>"; };
		55308C1C1F920A8000353A68 /* csmface_debug.c */ = {isa = PBXFileReference; lastKnownFileType = sourcecode.c.c; path = csmface_debug.c; sourceTree = "<group>"; };
		55308C1D1F920A8000353A68 /* csmface_debug.inl */ = {isa = PBXFileReference; lastKnownFileType = text; path = csmface_debug.inl; sourceTree = "<group>"; };
		55308C201F920BCD00353A68 /* csmsolid_debug.c */ = {isa = PBXFileReference; lastKnownFileType = sourcecode.c.c; path = csmsolid_debug.c; sourceTree = "<group>"; };
		55308C211F920BCD00353A68 /* csmsolid_debug.inl */ = {isa = PBXFileReference; explicitFileType = sourcecode.c.h; path = csmsolid_debug.inl; sourceTree = "<group>"; };
		55308C241F920D1800353A68 /* csmsolid_vis.c */ = {isa = PBXFileReference; explicitFileType = sourcecode.c.objc; path = csmsolid_vis.c; sourceTree = "<group>"; };
		55308C251F920D1800353A68 /* csmsolid_vis.h */ = {isa = PBXFileReference; lastKnownFileType = sourcecode.c.h; path = csmsolid_vis.h; sourceTree = "<group>"; };
		55308C281F92122500353A68 /* csmedge_debug.c */ = {isa = PBXFileReference; lastKnownFileType = sourcecode.c.c; path = csmedge_debug.c; sourceTree = "<group>"; };
		55308C291F92122500353A68 /* csmedge_debug.inl */ = {isa = PBXFileReference; lastKnownFileType = text; path = csmedge_debug.inl; sourceTree = "<group>"; };
		55308C311F92161F00353A68 /* csmvertex_debug.c */ = {isa = PBXFileReference; lastKnownFileType = sourcecode.c.c; path = csmvertex_debug.c; sourceTree = "<group>"; };
		55308C321F92161F00353A68 /* csmvertex_debug.inl */ = {isa = PBXFileReference; lastKnownFileType = text; path = csmvertex_debug.inl; sourceTree = "<group>"; };
		55308C351F921A5600353A68 /* csmtest_array.c */ = {isa = PBXFileReference; lastKnownFileType = sourcecode.c.c; path = csmtest_array.c; sourceTree = "<group>"; };
		55308C361F921A5600353A68 /* csmtest_array.inl */ = {isa = PBXFileReference; lastKnownFileType = text; path = csmtest_array.inl; sourceTree = "<group>"; };
		55308C391F92219600353A68 /* csmmaterial.c */ = {isa = PBXFileReference; lastKnownFileType = sourcecode.c.c; path = csmmaterial.c; sourceTree = "<group>"; };
		55308C3A1F92219600353A68 /* csmmaterial.h */ = {isa = PBXFileReference; lastKnownFileType = sourcecode.c.h; path = csmmaterial.h; sourceTree = "<group>"; };
		55308C3D1F9222B500353A68 /* csmmaterial.inl */ = {isa = PBXFileReference; lastKnownFileType = text; path = csmmaterial.inl; sourceTree = "<group>"; };
		55308C3F1F92269800353A68 /* csmmaterial.tli */ = {isa = PBXFileReference; lastKnownFileType = text; path = csmmaterial.tli; sourceTree = "<group>"; };
		5532DDB61E8FFE810047B9DF /* csmloopglue.c */ = {isa = PBXFileReference; fileEncoding = 4; lastKnownFileType = sourcecode.c.c; path = csmloopglue.c; sourceTree = "<group>"; };
		5532DDB71E8FFE810047B9DF /* csmloopglue.inl */ = {isa = PBXFileReference; fileEncoding = 4; lastKnownFileType = text; path = csmloopglue.inl; sourceTree = "<group>"; };
		5532DDBD1E9001390047B9DF /* csmtolerance.c */ = {isa = PBXFileReference; fileEncoding = 4; lastKnownFileType = sourcecode.c.c; path = csmtolerance.c; sourceTree = "<group>"; };
		5532DDBE1E9001390047B9DF /* csmtolerance.inl */ = {isa = PBXFileReference; fileEncoding = 4; lastKnownFileType = text; path = csmtolerance.inl; sourceTree = "<group>"; };
		55354A431E9AE595007B0692 /* csmmath.tli */ = {isa = PBXFileReference; fileEncoding = 4; lastKnownFileType = text; path = csmmath.tli; sourceTree = "<group>"; };
		5536C85D1FC1F4AD005CE275 /* WinFrames3.xcodeproj */ = {isa = PBXFileReference; lastKnownFileType = "wrapper.pb-project"; name = WinFrames3.xcodeproj; path = ../WinFrames3/WinFrames3.xcodeproj; sourceTree = "<group>"; };
		5536C8661FC1F4B7005CE275 /* WinFrames2.xcodeproj */ = {isa = PBXFileReference; lastKnownFileType = "wrapper.pb-project"; name = WinFrames2.xcodeproj; path = ../WinFrames2/WinFrames2.xcodeproj; sourceTree = "<group>"; };
		553E63E61FF6990400A15475 /* csmsplit.hxx */ = {isa = PBXFileReference; lastKnownFileType = sourcecode.cpp.h; path = csmsplit.hxx; sourceTree = "<group>"; };
		553E63E81FF69E0600A15475 /* csmsetop.hxx */ = {isa = PBXFileReference; lastKnownFileType = sourcecode.cpp.h; path = csmsetop.hxx; sourceTree = "<group>"; };
		5559D4E2204F3F310058F6F5 /* csmsetop_join.c */ = {isa = PBXFileReference; lastKnownFileType = sourcecode.c.c; lineEnding = 2; path = csmsetop_join.c; sourceTree = "<group>"; };
		5559D4E3204F3F310058F6F5 /* csmsetop_join.inl */ = {isa = PBXFileReference; lastKnownFileType = text; path = csmsetop_join.inl; sourceTree = "<group>"; };
		5570129E1E8328E400DFC490 /* csmsweep.c */ = {isa = PBXFileReference; explicitFileType = sourcecode.c.objc; fileEncoding = 4; lineEnding = 2; path = csmsweep.c; sourceTree = "<group>"; };
		5570129F1E8328E400DFC490 /* csmsweep.h */ = {isa = PBXFileReference; fileEncoding = 4; lastKnownFileType = sourcecode.c.h; path = csmsweep.h; sourceTree = "<group>"; };
		557012BA1E832F0300DFC490 /* csmgeom.c */ = {isa = PBXFileReference; explicitFileType = sourcecode.c.objc; fileEncoding = 4; path = csmgeom.c; sourceTree = "<group>"; };
		557012BB1E832F0300DFC490 /* csmgeom.inl */ = {isa = PBXFileReference; fileEncoding = 4; lastKnownFileType = text; path = csmgeom.inl; sourceTree = "<group>"; };
		557012BE1E832F9600DFC490 /* csmmath.c */ = {isa = PBXFileReference; explicitFileType = sourcecode.c.objc; fileEncoding = 4; path = csmmath.c; sourceTree = "<group>"; };
		557012BF1E832F9600DFC490 /* csmmath.inl */ = {isa = PBXFileReference; explicitFileType = sourcecode.c.h; fileEncoding = 4; path = csmmath.inl; sourceTree = "<group>"; };
		557954581E5DB074000FC91E /* rGWB.framework */ = {isa = PBXFileReference; explicitFileType = wrapper.framework; includeInIndex = 0; path = rGWB.framework; sourceTree = BUILT_PRODUCTS_DIR; };
		5579545B1E5DB074000FC91E /* rGWB.h */ = {isa = PBXFileReference; lastKnownFileType = sourcecode.c.h; path = rGWB.h; sourceTree = "<group>"; };
		5579545C1E5DB074000FC91E /* Info.plist */ = {isa = PBXFileReference; lastKnownFileType = text.plist.xml; path = Info.plist; sourceTree = "<group>"; };
		557954641E5DB0A8000FC91E /* csmassert.c */ = {isa = PBXFileReference; fileEncoding = 4; lastKnownFileType = sourcecode.c.c; path = csmassert.c; sourceTree = "<group>"; };
		557954651E5DB0A8000FC91E /* csmmem.inl */ = {isa = PBXFileReference; fileEncoding = 4; lastKnownFileType = text; path = csmmem.inl; sourceTree = "<group>"; };
		557954661E5DB0A8000FC91E /* csmmem.c */ = {isa = PBXFileReference; fileEncoding = 4; lastKnownFileType = sourcecode.c.c; path = csmmem.c; sourceTree = "<group>"; };
		5579546D1E5DB24E000FC91E /* csmvertex.c */ = {isa = PBXFileReference; fileEncoding = 4; lastKnownFileType = sourcecode.c.c; path = csmvertex.c; sourceTree = "<group>"; };
		5579546E1E5DB24E000FC91E /* csmvertex.inl */ = {isa = PBXFileReference; fileEncoding = 4; lastKnownFileType = text; path = csmvertex.inl; sourceTree = "<group>"; };
		557954711E5DB275000FC91E /* csmfwddecl.hxx */ = {isa = PBXFileReference; fileEncoding = 4; lastKnownFileType = sourcecode.cpp.h; path = csmfwddecl.hxx; sourceTree = "<group>"; };
		557954751E5E0694000FC91E /* csmid.c */ = {isa = PBXFileReference; fileEncoding = 4; lastKnownFileType = sourcecode.c.c; path = csmid.c; sourceTree = "<group>"; };
		557954761E5E0694000FC91E /* csmid.inl */ = {isa = PBXFileReference; fileEncoding = 4; lastKnownFileType = text; path = csmid.inl; sourceTree = "<group>"; };
		5579547B1E5E1403000FC91E /* csmhedge.c */ = {isa = PBXFileReference; fileEncoding = 4; lastKnownFileType = sourcecode.c.c; path = csmhedge.c; sourceTree = "<group>"; };
		5579547C1E5E1403000FC91E /* csmhedge.inl */ = {isa = PBXFileReference; fileEncoding = 4; lastKnownFileType = text; path = csmhedge.inl; sourceTree = "<group>"; };
		5579547F1E5E1AA9000FC91E /* csmnode.c */ = {isa = PBXFileReference; fileEncoding = 4; lastKnownFileType = sourcecode.c.c; path = csmnode.c; sourceTree = "<group>"; };
		557954801E5E1AA9000FC91E /* csmnode.inl */ = {isa = PBXFileReference; fileEncoding = 4; lastKnownFileType = text; path = csmnode.inl; sourceTree = "<group>"; };
		557954831E5E1AE9000FC91E /* csmnode.hxx */ = {isa = PBXFileReference; explicitFileType = sourcecode.c.h; fileEncoding = 4; path = csmnode.hxx; sourceTree = "<group>"; };
		557954851E5E2DCB000FC91E /* csmstring.c */ = {isa = PBXFileReference; fileEncoding = 4; lastKnownFileType = sourcecode.c.c; path = csmstring.c; sourceTree = "<group>"; };
		557954861E5E2DCB000FC91E /* csmstring.inl */ = {isa = PBXFileReference; fileEncoding = 4; lastKnownFileType = text; path = csmstring.inl; sourceTree = "<group>"; };
		5579548A1E5E41C1000FC91E /* csmedge.c */ = {isa = PBXFileReference; fileEncoding = 4; lastKnownFileType = sourcecode.c.c; path = csmedge.c; sourceTree = "<group>"; };
		5579548B1E5E41C1000FC91E /* csmedge.inl */ = {isa = PBXFileReference; fileEncoding = 4; lastKnownFileType = text; path = csmedge.inl; sourceTree = "<group>"; };
		5579548E1E5E42BB000FC91E /* csmedge.tli */ = {isa = PBXFileReference; lastKnownFileType = text; path = csmedge.tli; sourceTree = "<group>"; };
		5579548F1E5E446C000FC91E /* csmloop.c */ = {isa = PBXFileReference; explicitFileType = sourcecode.c.objc; fileEncoding = 4; path = csmloop.c; sourceTree = "<group>"; };
		557954901E5E446C000FC91E /* csmloop.inl */ = {isa = PBXFileReference; fileEncoding = 4; lastKnownFileType = text; path = csmloop.inl; sourceTree = "<group>"; };
		557954931E5E4742000FC91E /* csmface.c */ = {isa = PBXFileReference; explicitFileType = sourcecode.c.objc; fileEncoding = 4; path = csmface.c; sourceTree = "<group>"; };
		557954941E5E4742000FC91E /* csmface.inl */ = {isa = PBXFileReference; fileEncoding = 4; lastKnownFileType = text; path = csmface.inl; sourceTree = "<group>"; };
		557954971E5E4811000FC91E /* csmbbox.c */ = {isa = PBXFileReference; fileEncoding = 4; lastKnownFileType = sourcecode.c.c; path = csmbbox.c; sourceTree = "<group>"; };
		557954981E5E4811000FC91E /* csmbbox.inl */ = {isa = PBXFileReference; fileEncoding = 4; lastKnownFileType = text; path = csmbbox.inl; sourceTree = "<group>"; };
		5579549D1E5F942E000FC91E /* csmsolid.c */ = {isa = PBXFileReference; explicitFileType = sourcecode.c.objc; fileEncoding = 4; path = csmsolid.c; sourceTree = "<group>"; };
		5579549E1E5F942E000FC91E /* csmsolid.inl */ = {isa = PBXFileReference; fileEncoding = 4; lastKnownFileType = text; path = csmsolid.inl; sourceTree = "<group>"; };
		557954A11E60D064000FC91E /* csmsolid.tli */ = {isa = PBXFileReference; explicitFileType = sourcecode.c.h; fileEncoding = 4; path = csmsolid.tli; sourceTree = "<group>"; };
		557954A31E60D0EF000FC91E /* csmeuler_mvfs.c */ = {isa = PBXFileReference; fileEncoding = 4; lastKnownFileType = sourcecode.c.c; path = csmeuler_mvfs.c; sourceTree = "<group>"; };
		557954A41E60D0EF000FC91E /* csmeuler_mvfs.inl */ = {isa = PBXFileReference; fileEncoding = 4; lastKnownFileType = text; path = csmeuler_mvfs.inl; sourceTree = "<group>"; };
		5585C6B51FCB3DFA0045898B /* csmsubdvfaces.c */ = {isa = PBXFileReference; lastKnownFileType = sourcecode.c.c; path = csmsubdvfaces.c; sourceTree = "<group>"; };
		5585C6B61FCB3DFA0045898B /* csmsubdvfaces.inl */ = {isa = PBXFileReference; lastKnownFileType = text; path = csmsubdvfaces.inl; sourceTree = "<group>"; };
		5589F1EA2083EBE200526923 /* csmoptree.c */ = {isa = PBXFileReference; lastKnownFileType = sourcecode.c.c; path = csmoptree.c; sourceTree = "<group>"; };
		5589F1EB2083EBE200526923 /* csmoptree.h */ = {isa = PBXFileReference; lastKnownFileType = sourcecode.c.h; path = csmoptree.h; sourceTree = "<group>"; };
		5589F1EE2083EFE400526923 /* csmoptree.hxx */ = {isa = PBXFileReference; lastKnownFileType = sourcecode.cpp.h; path = csmoptree.hxx; sourceTree = "<group>"; };
		558DE347208B2ADD00AC42F4 /* csmfacbrep2solid.c */ = {isa = PBXFileReference; lastKnownFileType = sourcecode.c.c; path = csmfacbrep2solid.c; sourceTree = "<group>"; };
		558DE348208B2ADD00AC42F4 /* csmfacbrep2solid.h */ = {isa = PBXFileReference; lastKnownFileType = sourcecode.c.h; path = csmfacbrep2solid.h; sourceTree = "<group>"; };
		558DE34E208B379700AC42F4 /* csmfacbrep2solid.hxx */ = {isa = PBXFileReference; lastKnownFileType = sourcecode.cpp.h; path = csmfacbrep2solid.hxx; sourceTree = "<group>"; };
		559452841F79A0E5002AF198 /* csmquadrics.c */ = {isa = PBXFileReference; fileEncoding = 4; lastKnownFileType = sourcecode.c.c; path = csmquadrics.c; sourceTree = "<group>"; };
		559452851F79A0E5002AF198 /* csmquadrics.h */ = {isa = PBXFileReference; fileEncoding = 4; lastKnownFileType = sourcecode.c.h; path = csmquadrics.h; sourceTree = "<group>"; };
		5598D6111F24E7F600EA1876 /* csmviewer.mm */ = {isa = PBXFileReference; fileEncoding = 4; lastKnownFileType = sourcecode.cpp.objcpp; path = csmviewer.mm; sourceTree = "<group>"; };
		5598D6121F24E7F600EA1876 /* csmviewer.inl */ = {isa = PBXFileReference; fileEncoding = 4; lastKnownFileType = text; path = csmviewer.inl; sourceTree = "<group>"; };
		5598D6191F24E8AF00EA1876 /* basicGraphics.xcodeproj */ = {isa = PBXFileReference; lastKnownFileType = "wrapper.pb-project"; name = basicGraphics.xcodeproj; path = ../basicGraphics/basicGraphics.xcodeproj; sourceTree = "<group>"; };
		5598D6611F24EE4000EA1876 /* basicMenu.framework */ = {isa = PBXFileReference; lastKnownFileType = wrapper.framework; name = basicMenu.framework; path = "../../../../Library/Developer/Xcode/DerivedData/xDesignC-brysnyrrtihbqzdzzkdvmbefqlxi/Build/Products/Debug/basicMenu.framework"; sourceTree = "<group>"; };
		5598D6621F24EE4000EA1876 /* basicReceptor.framework */ = {isa = PBXFileReference; lastKnownFileType = wrapper.framework; name = basicReceptor.framework; path = "../../../../Library/Developer/Xcode/DerivedData/xDesignC-brysnyrrtihbqzdzzkdvmbefqlxi/Build/Products/Debug/basicReceptor.framework"; sourceTree = "<group>"; };
		5598D6631F24EE4000EA1876 /* callback.framework */ = {isa = PBXFileReference; lastKnownFileType = wrapper.framework; name = callback.framework; path = "../../../../Library/Developer/Xcode/DerivedData/xDesignC-brysnyrrtihbqzdzzkdvmbefqlxi/Build/Products/Debug/callback.framework"; sourceTree = "<group>"; };
		5598D6641F24EE4000EA1876 /* cyscngraf.framework */ = {isa = PBXFileReference; lastKnownFileType = wrapper.framework; name = cyscngraf.framework; path = "../../../../Library/Developer/Xcode/DerivedData/xDesignC-brysnyrrtihbqzdzzkdvmbefqlxi/Build/Products/Debug/cyscngraf.framework"; sourceTree = "<group>"; };
		5598D6651F24EE4000EA1876 /* SnapFramework.framework */ = {isa = PBXFileReference; lastKnownFileType = wrapper.framework; name = SnapFramework.framework; path = "../../../../Library/Developer/Xcode/DerivedData/xDesignC-brysnyrrtihbqzdzzkdvmbefqlxi/Build/Products/Debug/SnapFramework.framework"; sourceTree = "<group>"; };
		55A9842B1FBCC9DC009F7516 /* License.txt */ = {isa = PBXFileReference; lastKnownFileType = text; path = License.txt; sourceTree = "<group>"; };
		55A984361FBE3A6A009F7516 /* csmArrPoint2D.c */ = {isa = PBXFileReference; fileEncoding = 4; lastKnownFileType = sourcecode.c.c; path = csmArrPoint2D.c; sourceTree = "<group>"; };
		55A984371FBE3A6A009F7516 /* csmArrPoint2D.h */ = {isa = PBXFileReference; fileEncoding = 4; lastKnownFileType = sourcecode.c.h; path = csmArrPoint2D.h; sourceTree = "<group>"; };
		55A984381FBE3A6A009F7516 /* csmArrPoint3D.c */ = {isa = PBXFileReference; fileEncoding = 4; lastKnownFileType = sourcecode.c.c; path = csmArrPoint3D.c; sourceTree = "<group>"; };
		55A984391FBE3A6A009F7516 /* csmArrPoint3D.h */ = {isa = PBXFileReference; fileEncoding = 4; lastKnownFileType = sourcecode.c.h; path = csmArrPoint3D.h; sourceTree = "<group>"; };
		55A9843E1FBE3A8D009F7516 /* csmArrPoint3D.hxx */ = {isa = PBXFileReference; lastKnownFileType = sourcecode.cpp.h; path = csmArrPoint3D.hxx; sourceTree = "<group>"; };
		55A984401FBE434A009F7516 /* csmArrPoint2D.hxx */ = {isa = PBXFileReference; lastKnownFileType = sourcecode.cpp.h; path = csmArrPoint2D.hxx; sourceTree = "<group>"; };
		55B54B751FBA4C5E00DE5833 /* csmexplode.c */ = {isa = PBXFileReference; lastKnownFileType = sourcecode.c.c; path = csmexplode.c; sourceTree = "<group>"; };
		55B54B761FBA4C5E00DE5833 /* csmexplode.h */ = {isa = PBXFileReference; lastKnownFileType = sourcecode.c.h; path = csmexplode.h; sourceTree = "<group>"; };
		55C6F71E1F82E7CF005EA51D /* csmassert.inl */ = {isa = PBXFileReference; fileEncoding = 4; lastKnownFileType = text; path = csmassert.inl; sourceTree = "<group>"; };
		55E30FA71F24BAB300EDE74F /* csmdebug.mm */ = {isa = PBXFileReference; fileEncoding = 4; lastKnownFileType = sourcecode.cpp.objcpp; path = csmdebug.mm; sourceTree = "<group>"; };
		55E30FA81F24BAB300EDE74F /* csmdebug.inl */ = {isa = PBXFileReference; fileEncoding = 4; lastKnownFileType = text; path = csmdebug.inl; sourceTree = "<group>"; };
		55EA99181ED389C0006C063C /* csmsetop_vtxfacc.c */ = {isa = PBXFileReference; explicitFileType = sourcecode.c.objc; fileEncoding = 4; path = csmsetop_vtxfacc.c; sourceTree = "<group>"; };
		55EA99191ED389C0006C063C /* csmsetop_vtxfacc.inl */ = {isa = PBXFileReference; fileEncoding = 4; lastKnownFileType = text; path = csmsetop_vtxfacc.inl; sourceTree = "<group>"; };
		55EA991C1ED38C22006C063C /* csmsetop.tli */ = {isa = PBXFileReference; lastKnownFileType = text; path = csmsetop.tli; sourceTree = "<group>"; };
		55EA991D1ED38E66006C063C /* csmsetop_vtxvtx.c */ = {isa = PBXFileReference; explicitFileType = sourcecode.c.objc; fileEncoding = 4; lineEnding = 2; path = csmsetop_vtxvtx.c; sourceTree = "<group>"; };
		55EA991E1ED38E66006C063C /* csmsetop_vtxvtx.inl */ = {isa = PBXFileReference; fileEncoding = 4; lastKnownFileType = text; path = csmsetop_vtxvtx.inl; sourceTree = "<group>"; };
		55EA99211ED38FCD006C063C /* csmsetop_procedges.c */ = {isa = PBXFileReference; explicitFileType = sourcecode.c.objc; fileEncoding = 4; path = csmsetop_procedges.c; sourceTree = "<group>"; };
		55EA99221ED38FCD006C063C /* csmsetop_procedges.inl */ = {isa = PBXFileReference; fileEncoding = 4; lastKnownFileType = text; path = csmsetop_procedges.inl; sourceTree = "<group>"; };
		55F83C681FC4A33B009DBBEF /* csmsurface.c */ = {isa = PBXFileReference; lastKnownFileType = sourcecode.c.c; path = csmsurface.c; sourceTree = "<group>"; };
		55F83C691FC4A33B009DBBEF /* csmsurface.inl */ = {isa = PBXFileReference; lastKnownFileType = text; path = csmsurface.inl; sourceTree = "<group>"; };
		55FA851520853B7200FB00EE /* csmstmodeler.c */ = {isa = PBXFileReference; lastKnownFileType = sourcecode.c.c; path = csmstmodeler.c; sourceTree = "<group>"; };
		55FA851620853B7200FB00EE /* csmstmodeler.h */ = {isa = PBXFileReference; lastKnownFileType = sourcecode.c.h; path = csmstmodeler.h; sourceTree = "<group>"; };
		55FA851C20853B8B00FB00EE /* csmstmodeler.hxx */ = {isa = PBXFileReference; lastKnownFileType = sourcecode.cpp.h; path = csmstmodeler.hxx; sourceTree = "<group>"; };
/* End PBXFileReference section */

/* Begin PBXFrameworksBuildPhase section */
		557954541E5DB074000FC91E /* Frameworks */ = {
			isa = PBXFrameworksBuildPhase;
			buildActionMask = 2147483647;
			files = (
				5536C8731FC1F4DB005CE275 /* WinFrames2.framework in Frameworks */,
				5536C8741FC1F4DB005CE275 /* WinFrames3.framework in Frameworks */,
				5598D6661F24EE4000EA1876 /* basicMenu.framework in Frameworks */,
				5598D6671F24EE4000EA1876 /* basicReceptor.framework in Frameworks */,
				5598D6681F24EE4000EA1876 /* callback.framework in Frameworks */,
				5598D6691F24EE4000EA1876 /* cyscngraf.framework in Frameworks */,
				5598D66A1F24EE4000EA1876 /* SnapFramework.framework in Frameworks */,
				5598D65C1F24EE4000EA1876 /* basicGraphics.framework in Frameworks */,
				5507A6EE1E7B40C1008B9F73 /* Foundation.framework in Frameworks */,
				5507A6EC1E7B40BA008B9F73 /* Cocoa.framework in Frameworks */,
			);
			runOnlyForDeploymentPostprocessing = 0;
		};
/* End PBXFrameworksBuildPhase section */

/* Begin PBXGroup section */
		550765BE1F92037200E6BD2E /* Geometry */ = {
			isa = PBXGroup;
			children = (
				557954981E5E4811000FC91E /* csmbbox.inl */,
				557954971E5E4811000FC91E /* csmbbox.c */,
				557012BF1E832F9600DFC490 /* csmmath.inl */,
				557012BE1E832F9600DFC490 /* csmmath.c */,
				55354A431E9AE595007B0692 /* csmmath.tli */,
				557012BB1E832F0300DFC490 /* csmgeom.inl */,
				557012BA1E832F0300DFC490 /* csmgeom.c */,
				5532DDBE1E9001390047B9DF /* csmtolerance.inl */,
				5532DDBD1E9001390047B9DF /* csmtolerance.c */,
				55244B231EA0255A006F546E /* csmtransform.inl */,
				55244B221EA0255A006F546E /* csmtransform.c */,
				55308C3A1F92219600353A68 /* csmmaterial.h */,
				55308C3D1F9222B500353A68 /* csmmaterial.inl */,
				55308C391F92219600353A68 /* csmmaterial.c */,
				55308C3F1F92269800353A68 /* csmmaterial.tli */,
				55F83C691FC4A33B009DBBEF /* csmsurface.inl */,
				55F83C681FC4A33B009DBBEF /* csmsurface.c */,
			);
			name = Geometry;
			sourceTree = "<group>";
		};
		550765C81F92038300E6BD2E /* Containers */ = {
			isa = PBXGroup;
			children = (
				5507A6FC1E7B51B0008B9F73 /* Hash Table */,
				5581A8941F96B0E200524631 /* Array */,
			);
			name = Containers;
			sourceTree = "<group>";
		};
		550765C91F92039300E6BD2E /* Debug */ = {
			isa = PBXGroup;
			children = (
				55E30FA71F24BAB300EDE74F /* csmdebug.mm */,
				55E30FA81F24BAB300EDE74F /* csmdebug.inl */,
			);
			name = Debug;
			sourceTree = "<group>";
		};
		550765CA1F92051400E6BD2E /* Half-Edge Data Structure Visualization */ = {
			isa = PBXGroup;
			children = (
				55308C191F9209BC00353A68 /* csmface_vis.inl */,
				55308C181F9209BC00353A68 /* csmface_vis.c */,
				55308C251F920D1800353A68 /* csmsolid_vis.h */,
				55308C241F920D1800353A68 /* csmsolid_vis.c */,
			);
			name = "Half-Edge Data Structure Visualization";
			sourceTree = "<group>";
		};
		5507A6261E6B8721008B9F73 /* Test */ = {
			isa = PBXGroup;
			children = (
				5507A6231E6B8714008B9F73 /* csmtest.h */,
				5507A6221E6B8714008B9F73 /* csmtest.c */,
				55308C351F921A5600353A68 /* csmtest_array.c */,
				55308C361F921A5600353A68 /* csmtest_array.inl */,
				557954591E5DB074000FC91E /* Products */,
			);
			name = Test;
			sourceTree = "<group>";
		};
		5507A6441E701EC5008B9F73 /* Frameworks */ = {
			isa = PBXGroup;
			children = (
				5598D6611F24EE4000EA1876 /* basicMenu.framework */,
				5598D6621F24EE4000EA1876 /* basicReceptor.framework */,
				5598D6631F24EE4000EA1876 /* callback.framework */,
				5598D6641F24EE4000EA1876 /* cyscngraf.framework */,
				5598D6651F24EE4000EA1876 /* SnapFramework.framework */,
				5507A6ED1E7B40C1008B9F73 /* Foundation.framework */,
				5507A6EB1E7B40BA008B9F73 /* Cocoa.framework */,
			);
			name = Frameworks;
			sourceTree = "<group>";
		};
		5507A6FC1E7B51B0008B9F73 /* Hash Table */ = {
			isa = PBXGroup;
			children = (
				5507A6FA1E7B47CB008B9F73 /* csmuthash.hxx */,
				5507A6F11E7B450C008B9F73 /* csmhashtb.hxx */,
				5507A6F41E7B451E008B9F73 /* csmhashtb.inl */,
				5507A6F01E7B450C008B9F73 /* csmhashtb.c */,
			);
			name = "Hash Table";
			sourceTree = "<group>";
		};
		551327791ECB9F7400F2B04D /* Common */ = {
			isa = PBXGroup;
			children = (
				5532DDB71E8FFE810047B9DF /* csmloopglue.inl */,
				5532DDB61E8FFE810047B9DF /* csmloopglue.c */,
				551327761ECB9A6000F2B04D /* csmsetopcom.inl */,
				551327751ECB9A6000F2B04D /* csmsetopcom.c */,
				5585C6B61FCB3DFA0045898B /* csmsubdvfaces.inl */,
				5585C6B51FCB3DFA0045898B /* csmsubdvfaces.c */,
				551290C52089054600D0E419 /* csmsimplifysolid.c */,
				551290C62089054600D0E419 /* csmsimplifysolid.inl */,
			);
			name = Common;
			sourceTree = "<group>";
		};
		551D47551FC1CCC7004F3B43 /* Boolean operations */ = {
			isa = PBXGroup;
			children = (
				5513277B1ECBA0CC00F2B04D /* csmsetop.h */,
				553E63E81FF69E0600A15475 /* csmsetop.hxx */,
				5513277A1ECBA0CC00F2B04D /* csmsetop.c */,
				55EA991C1ED38C22006C063C /* csmsetop.tli */,
				55EA99221ED38FCD006C063C /* csmsetop_procedges.inl */,
				55EA99211ED38FCD006C063C /* csmsetop_procedges.c */,
				55EA99191ED389C0006C063C /* csmsetop_vtxfacc.inl */,
				55EA99181ED389C0006C063C /* csmsetop_vtxfacc.c */,
				55EA991E1ED38E66006C063C /* csmsetop_vtxvtx.inl */,
				55EA991D1ED38E66006C063C /* csmsetop_vtxvtx.c */,
				5559D4E3204F3F310058F6F5 /* csmsetop_join.inl */,
				5559D4E2204F3F310058F6F5 /* csmsetop_join.c */,
			);
			name = "Boolean operations";
			sourceTree = "<group>";
		};
		551D47561FC1CD1A004F3B43 /* 2D Tools */ = {
			isa = PBXGroup;
			children = (
				551D47581FC1CD50004F3B43 /* csmshape2d.h */,
				551D475B1FC1CED3004F3B43 /* csmshape2d.inl */,
				551D47571FC1CD50004F3B43 /* csmshape2d.c */,
				551D475E1FC1E012004F3B43 /* csmbasicshape2d.h */,
				551D475D1FC1E012004F3B43 /* csmbasicshape2d.c */,
			);
			name = "2D Tools";
			sourceTree = "<group>";
		};
		55308C091F92071500353A68 /* Half-Edge Data Structure Debug */ = {
			isa = PBXGroup;
			children = (
				55308C141F92075200353A68 /* csmloop_debug.inl */,
				55308C131F92075200353A68 /* csmloop_debug.c */,
				55308C1D1F920A8000353A68 /* csmface_debug.inl */,
				55308C1C1F920A8000353A68 /* csmface_debug.c */,
				55308C211F920BCD00353A68 /* csmsolid_debug.inl */,
				55308C201F920BCD00353A68 /* csmsolid_debug.c */,
				55308C291F92122500353A68 /* csmedge_debug.inl */,
				55308C281F92122500353A68 /* csmedge_debug.c */,
				55308C321F92161F00353A68 /* csmvertex_debug.inl */,
				55308C311F92161F00353A68 /* csmvertex_debug.c */,
			);
			name = "Half-Edge Data Structure Debug";
			sourceTree = "<group>";
		};
		5536C85E1FC1F4AD005CE275 /* Products */ = {
			isa = PBXGroup;
			children = (
				5536C8631FC1F4AD005CE275 /* WinFrames3.framework */,
				5536C8651FC1F4AD005CE275 /* WinFrames3Tests.xctest */,
			);
			name = Products;
			sourceTree = "<group>";
		};
		5536C8671FC1F4B7005CE275 /* Products */ = {
			isa = PBXGroup;
			children = (
				5536C86C1FC1F4B7005CE275 /* WinFrames2.framework */,
				5536C86E1FC1F4B7005CE275 /* WinFrames2Tests.xctest */,
			);
			name = Products;
			sourceTree = "<group>";
		};
		5570129B1E83286400DFC490 /* Algorithms */ = {
			isa = PBXGroup;
			children = (
				551327791ECB9F7400F2B04D /* Common */,
				551D47551FC1CCC7004F3B43 /* Boolean operations */,
				55F9B851204CA1F800BCC56E /* Solid generation */,
				55F9B856204CA21000BCC56E /* Exploding a solid with several shells */,
				55F9B855204CA20800BCC56E /* Glue by common face */,
				55F9B857204CA23500BCC56E /* Splitting by a plane */,
			);
			name = Algorithms;
			sourceTree = "<group>";
		};
		5579544E1E5DB074000FC91E = {
			isa = PBXGroup;
			children = (
				5598D66B1F24F3C700EA1876 /* Dependencies */,
				5579545A1E5DB074000FC91E /* rGWB */,
				5507A6441E701EC5008B9F73 /* Frameworks */,
			);
			sourceTree = "<group>";
		};
		557954591E5DB074000FC91E /* Products */ = {
			isa = PBXGroup;
			children = (
				557954581E5DB074000FC91E /* rGWB.framework */,
			);
			name = Products;
			path = ..;
			sourceTree = "<group>";
		};
		5579545A1E5DB074000FC91E /* rGWB */ = {
			isa = PBXGroup;
			children = (
				5579545B1E5DB074000FC91E /* rGWB.h */,
				55A9842B1FBCC9DC009F7516 /* License.txt */,
				5579545C1E5DB074000FC91E /* Info.plist */,
				550E55AC1F87811A0033864A /* csmtypes.hxx */,
				557954711E5DB275000FC91E /* csmfwddecl.hxx */,
				5589F1E92083EBC000526923 /* Solid building utilities */,
				5579549B1E5E4823000FC91E /* Utility */,
				551D47561FC1CD1A004F3B43 /* 2D Tools */,
				5598D6181F24E81100EA1876 /* Viewer */,
				5570129B1E83286400DFC490 /* Algorithms */,
				557954A71E60D0F7000FC91E /* Low Level Euler Operators */,
				557954891E5E41A0000FC91E /* Half-Edge Data Structure */,
				55308C091F92071500353A68 /* Half-Edge Data Structure Debug */,
				550765CA1F92051400E6BD2E /* Half-Edge Data Structure Visualization */,
				5507A6261E6B8721008B9F73 /* Test */,
			);
			path = rGWB;
			sourceTree = "<group>";
		};
		557954891E5E41A0000FC91E /* Half-Edge Data Structure */ = {
			isa = PBXGroup;
			children = (
				557954801E5E1AA9000FC91E /* csmnode.inl */,
				557954831E5E1AE9000FC91E /* csmnode.hxx */,
				5579547F1E5E1AA9000FC91E /* csmnode.c */,
				5579546E1E5DB24E000FC91E /* csmvertex.inl */,
				5579546D1E5DB24E000FC91E /* csmvertex.c */,
				5513276F1EC3AF1100F2B04D /* csmvertex.tli */,
				551327741EC3B06800F2B04D /* csmvertex.hxx */,
				5579547C1E5E1403000FC91E /* csmhedge.inl */,
				5579547B1E5E1403000FC91E /* csmhedge.c */,
				5579548B1E5E41C1000FC91E /* csmedge.inl */,
				5579548A1E5E41C1000FC91E /* csmedge.c */,
				5579548E1E5E42BB000FC91E /* csmedge.tli */,
				557954901E5E446C000FC91E /* csmloop.inl */,
				550765CF1F9205BC00E6BD2E /* csmloop.tli */,
				5579548F1E5E446C000FC91E /* csmloop.c */,
				557954941E5E4742000FC91E /* csmface.inl */,
				55308C171F92096A00353A68 /* csmface.tli */,
				557954931E5E4742000FC91E /* csmface.c */,
				5579549E1E5F942E000FC91E /* csmsolid.inl */,
				55244B261EA02A68006F546E /* csmsolid.h */,
				5579549D1E5F942E000FC91E /* csmsolid.c */,
				557954A11E60D064000FC91E /* csmsolid.tli */,
			);
			name = "Half-Edge Data Structure";
			sourceTree = "<group>";
		};
		5579549B1E5E4823000FC91E /* Utility */ = {
			isa = PBXGroup;
			children = (
				55C6F71E1F82E7CF005EA51D /* csmassert.inl */,
				557954641E5DB0A8000FC91E /* csmassert.c */,
				557954651E5DB0A8000FC91E /* csmmem.inl */,
				557954661E5DB0A8000FC91E /* csmmem.c */,
				557954761E5E0694000FC91E /* csmid.inl */,
				557954751E5E0694000FC91E /* csmid.c */,
				557954861E5E2DCB000FC91E /* csmstring.inl */,
				557954851E5E2DCB000FC91E /* csmstring.c */,
				550765C81F92038300E6BD2E /* Containers */,
				550765BE1F92037200E6BD2E /* Geometry */,
				550765C91F92039300E6BD2E /* Debug */,
			);
			name = Utility;
			sourceTree = "<group>";
		};
		557954A71E60D0F7000FC91E /* Low Level Euler Operators */ = {
			isa = PBXGroup;
			children = (
				5507A5C51E6624E7008B9F73 /* csmopbas.inl */,
				5507A5C41E6624E7008B9F73 /* csmopbas.c */,
				557954A41E60D0EF000FC91E /* csmeuler_mvfs.inl */,
				557954A31E60D0EF000FC91E /* csmeuler_mvfs.c */,
				5512FD1320B4857D00809018 /* csmeuler_mvfb.inl */,
				5512FD1220B4857D00809018 /* csmeuler_mvfb.c */,
				5507A64F1E705618008B9F73 /* csmeuler_kvfs.inl */,
				5507A64E1E705618008B9F73 /* csmeuler_kvfs.c */,
				5507A5C91E662758008B9F73 /* csmeuler_lmev.inl */,
				5507A5C81E662758008B9F73 /* csmeuler_lmev.c */,
				5507A61F1E6B744A008B9F73 /* csmeuler_lkev.inl */,
				5507A64C1E70372E008B9F73 /* csmeuler_lkev.c */,
				5507A6281E700F7C008B9F73 /* csmeuler_lmef.inl */,
				5507A6271E700F7C008B9F73 /* csmeuler_lmef.c */,
				5507A62C1E701441008B9F73 /* csmeuler_lkef.inl */,
				5507A62B1E701441008B9F73 /* csmeuler_lkef.c */,
				5507A6771E7341CD008B9F73 /* csmeuler_lkemr.inl */,
				5507A6761E7341CD008B9F73 /* csmeuler_lkemr.c */,
				5507A67B1E73484D008B9F73 /* csmeuler_lmekr.inl */,
				5507A67A1E73484D008B9F73 /* csmeuler_lmekr.c */,
				5507A67F1E7362EF008B9F73 /* csmeuler_lkfmrh.inl */,
				5507A67E1E7362EF008B9F73 /* csmeuler_lkfmrh.c */,
				5507A6831E736565008B9F73 /* csmeuler_lmfkrh.inl */,
				5507A6821E736565008B9F73 /* csmeuler_lmfkrh.c */,
				5507A6871E736714008B9F73 /* csmeuler_lringmv.inl */,
				5507A6861E736714008B9F73 /* csmeuler_lringmv.c */,
				55244B1C1E9F9DC0006F546E /* csmeuler_laringmv.inl */,
				55244B1B1E9F9DC0006F546E /* csmeuler_laringmv.c */,
			);
			name = "Low Level Euler Operators";
			sourceTree = "<group>";
		};
		5581A8941F96B0E200524631 /* Array */ = {
			isa = PBXGroup;
			children = (
				55A984361FBE3A6A009F7516 /* csmArrPoint2D.c */,
				55A984371FBE3A6A009F7516 /* csmArrPoint2D.h */,
				55A984401FBE434A009F7516 /* csmArrPoint2D.hxx */,
				55A984381FBE3A6A009F7516 /* csmArrPoint3D.c */,
				55A984391FBE3A6A009F7516 /* csmArrPoint3D.h */,
				55A9843E1FBE3A8D009F7516 /* csmArrPoint3D.hxx */,
				55161B201F82DC3000FF0F24 /* csmarrayc.inl */,
				550E55AA1F876AB90033864A /* csmarrayc.hxx */,
				55161B2A1F82DC3000FF0F24 /* csmarrayc.c */,
				550E55AE1F87A9440033864A /* csmarqsort.inl */,
				550E55AD1F87A9440033864A /* csmarqsort.c */,
			);
			name = Array;
			sourceTree = "<group>";
		};
		5589F1E92083EBC000526923 /* Solid building utilities */ = {
			isa = PBXGroup;
			children = (
				5589F1EB2083EBE200526923 /* csmoptree.h */,
				5589F1EE2083EFE400526923 /* csmoptree.hxx */,
				5589F1EA2083EBE200526923 /* csmoptree.c */,
				55FA851620853B7200FB00EE /* csmstmodeler.h */,
				55FA851C20853B8B00FB00EE /* csmstmodeler.hxx */,
				55FA851520853B7200FB00EE /* csmstmodeler.c */,
				558DE348208B2ADD00AC42F4 /* csmfacbrep2solid.h */,
				558DE34E208B379700AC42F4 /* csmfacbrep2solid.hxx */,
				558DE347208B2ADD00AC42F4 /* csmfacbrep2solid.c */,
			);
			name = "Solid building utilities";
			sourceTree = "<group>";
		};
		5598D6181F24E81100EA1876 /* Viewer */ = {
			isa = PBXGroup;
			children = (
				5598D6111F24E7F600EA1876 /* csmviewer.mm */,
				5598D6121F24E7F600EA1876 /* csmviewer.inl */,
			);
			name = Viewer;
			sourceTree = "<group>";
		};
		5598D61A1F24E8AF00EA1876 /* Products */ = {
			isa = PBXGroup;
			children = (
				5598D6341F24E8AF00EA1876 /* basicGraphics.framework */,
				5598D6361F24E8AF00EA1876 /* basicGraphicsTests.xctest */,
			);
			name = Products;
			sourceTree = "<group>";
		};
		5598D66B1F24F3C700EA1876 /* Dependencies */ = {
			isa = PBXGroup;
			children = (
				5536C8661FC1F4B7005CE275 /* WinFrames2.xcodeproj */,
				5536C85D1FC1F4AD005CE275 /* WinFrames3.xcodeproj */,
				5598D6191F24E8AF00EA1876 /* basicGraphics.xcodeproj */,
			);
			name = Dependencies;
			sourceTree = "<group>";
		};
		55F9B851204CA1F800BCC56E /* Solid generation */ = {
			isa = PBXGroup;
			children = (
				559452851F79A0E5002AF198 /* csmquadrics.h */,
				559452841F79A0E5002AF198 /* csmquadrics.c */,
				5570129F1E8328E400DFC490 /* csmsweep.h */,
				5570129E1E8328E400DFC490 /* csmsweep.c */,
			);
			name = "Solid generation";
			sourceTree = "<group>";
		};
		55F9B855204CA20800BCC56E /* Glue by common face */ = {
			isa = PBXGroup;
			children = (
				55089F4D1E8996B500B9570B /* csmglue.h */,
				55089F4C1E8996B500B9570B /* csmglue.c */,
			);
			name = "Glue by common face";
			sourceTree = "<group>";
		};
		55F9B856204CA21000BCC56E /* Exploding a solid with several shells */ = {
			isa = PBXGroup;
			children = (
				55B54B751FBA4C5E00DE5833 /* csmexplode.c */,
				55B54B761FBA4C5E00DE5833 /* csmexplode.h */,
			);
			name = "Exploding a solid with several shells";
			sourceTree = "<group>";
		};
		55F9B857204CA23500BCC56E /* Splitting by a plane */ = {
			isa = PBXGroup;
			children = (
				55244B291EAA57C4006F546E /* csmsplit.h */,
				553E63E61FF6990400A15475 /* csmsplit.hxx */,
				55244B281EAA57C4006F546E /* csmsplit.c */,
			);
			name = "Splitting by a plane";
			sourceTree = "<group>";
		};
/* End PBXGroup section */

/* Begin PBXHeadersBuildPhase section */
		557954551E5DB074000FC91E /* Headers */ = {
			isa = PBXHeadersBuildPhase;
			buildActionMask = 2147483647;
			files = (
				55B54B781FBA4C5E00DE5833 /* csmexplode.h in Headers */,
				55308C271F920D1800353A68 /* csmsolid_vis.h in Headers */,
				55FA851820853B7200FB00EE /* csmstmodeler.h in Headers */,
				55E30FAA1F24BAB300EDE74F /* csmdebug.inl in Headers */,
				5579545D1E5DB074000FC91E /* rGWB.h in Headers */,
				55308C231F920BCD00353A68 /* csmsolid_debug.inl in Headers */,
				5507A6811E7362EF008B9F73 /* csmeuler_lkfmrh.inl in Headers */,
				55C6F71F1F82E7CF005EA51D /* csmassert.inl in Headers */,
				55354A441E9AE595007B0692 /* csmmath.tli in Headers */,
				5507A6F31E7B450C008B9F73 /* csmhashtb.hxx in Headers */,
				557954721E5DB275000FC91E /* csmfwddecl.hxx in Headers */,
				5512FD1520B4857D00809018 /* csmeuler_mvfb.inl in Headers */,
				5507A62A1E700F7C008B9F73 /* csmeuler_lmef.inl in Headers */,
				55308C1F1F920A8000353A68 /* csmface_debug.inl in Headers */,
				5507A6251E6B8714008B9F73 /* csmtest.h in Headers */,
				55244B2B1EAA57C4006F546E /* csmsplit.h in Headers */,
				5579548D1E5E41C1000FC91E /* csmedge.inl in Headers */,
				557012C11E832F9600DFC490 /* csmmath.inl in Headers */,
				551290C82089054600D0E419 /* csmsimplifysolid.inl in Headers */,
				55308C2B1F92122500353A68 /* csmedge_debug.inl in Headers */,
				55244B1E1E9F9DC0006F546E /* csmeuler_laringmv.inl in Headers */,
				5507A6FB1E7B47CB008B9F73 /* csmuthash.hxx in Headers */,
				557954881E5E2DCB000FC91E /* csmstring.inl in Headers */,
				5559D4E5204F3F310058F6F5 /* csmsetop_join.inl in Headers */,
				557954921E5E446C000FC91E /* csmloop.inl in Headers */,
				557012A11E8328E400DFC490 /* csmsweep.h in Headers */,
				55F83C6B1FC4A33B009DBBEF /* csmsurface.inl in Headers */,
				551327701EC3AF1100F2B04D /* csmvertex.tli in Headers */,
				5589F1EF2083EFE400526923 /* csmoptree.hxx in Headers */,
				55308C161F92075200353A68 /* csmloop_debug.inl in Headers */,
				5507A62E1E701441008B9F73 /* csmeuler_lkef.inl in Headers */,
				55308C341F92161F00353A68 /* csmvertex_debug.inl in Headers */,
				553E63E71FF6990400A15475 /* csmsplit.hxx in Headers */,
				5507A5CB1E662758008B9F73 /* csmeuler_lmev.inl in Headers */,
				5507A6791E7341CD008B9F73 /* csmeuler_lkemr.inl in Headers */,
				55244B251EA0255A006F546E /* csmtransform.inl in Headers */,
				5532DDC01E9001390047B9DF /* csmtolerance.inl in Headers */,
				5507A6891E736714008B9F73 /* csmeuler_lringmv.inl in Headers */,
				55308C3C1F92219600353A68 /* csmmaterial.h in Headers */,
				5507A6851E736565008B9F73 /* csmeuler_lmfkrh.inl in Headers */,
				55EA99241ED38FCD006C063C /* csmsetop_procedges.inl in Headers */,
				550E55AB1F876AB90033864A /* csmarrayc.hxx in Headers */,
				5507A6511E705618008B9F73 /* csmeuler_kvfs.inl in Headers */,
				55A9843B1FBE3A6A009F7516 /* csmArrPoint2D.h in Headers */,
				558DE34A208B2ADD00AC42F4 /* csmfacbrep2solid.h in Headers */,
				557954821E5E1AA9000FC91E /* csmnode.inl in Headers */,
				550E55B01F87A9440033864A /* csmarqsort.inl in Headers */,
				557954A61E60D0EF000FC91E /* csmeuler_mvfs.inl in Headers */,
				55A9843D1FBE3A6A009F7516 /* csmArrPoint3D.h in Headers */,
				557954A01E5F942E000FC91E /* csmsolid.inl in Headers */,
				557012BD1E832F0300DFC490 /* csmgeom.inl in Headers */,
				558DE34F208B379700AC42F4 /* csmfacbrep2solid.hxx in Headers */,
				557954A21E60D064000FC91E /* csmsolid.tli in Headers */,
				557954781E5E0694000FC91E /* csmid.inl in Headers */,
				55A984411FBE434A009F7516 /* csmArrPoint2D.hxx in Headers */,
				553E63E91FF69E0600A15475 /* csmsetop.hxx in Headers */,
				55FA851D20853B8B00FB00EE /* csmstmodeler.hxx in Headers */,
				55308C381F921A5600353A68 /* csmtest_array.inl in Headers */,
				551D475A1FC1CD50004F3B43 /* csmshape2d.h in Headers */,
				5507A5C71E6624E7008B9F73 /* csmopbas.inl in Headers */,
				5507A67D1E73484D008B9F73 /* csmeuler_lmekr.inl in Headers */,
				55EA99201ED38E66006C063C /* csmsetop_vtxvtx.inl in Headers */,
				557954961E5E4742000FC91E /* csmface.inl in Headers */,
				55308C401F92269800353A68 /* csmmaterial.tli in Headers */,
				557954841E5E1AE9000FC91E /* csmnode.hxx in Headers */,
				55EA991B1ED389C0006C063C /* csmsetop_vtxfacc.inl in Headers */,
				5507A6211E6B744A008B9F73 /* csmeuler_lkev.inl in Headers */,
				5579549A1E5E4811000FC91E /* csmbbox.inl in Headers */,
				5532DDB91E8FFE810047B9DF /* csmloopglue.inl in Headers */,
				5585C6B81FCB3DFA0045898B /* csmsubdvfaces.inl in Headers */,
				55244B271EA02AED006F546E /* csmsolid.h in Headers */,
				55A9843F1FBE3A8D009F7516 /* csmArrPoint3D.hxx in Headers */,
				551327781ECB9A6000F2B04D /* csmsetopcom.inl in Headers */,
				55089F4F1E8996B500B9570B /* csmglue.h in Headers */,
				5589F1ED2083EBE200526923 /* csmoptree.h in Headers */,
				5579547E1E5E1403000FC91E /* csmhedge.inl in Headers */,
				557954701E5DB24E000FC91E /* csmvertex.inl in Headers */,
				5507A6F51E7B451E008B9F73 /* csmhashtb.inl in Headers */,
				5513277D1ECBA0CC00F2B04D /* csmsetop.h in Headers */,
				55308C1B1F9209BC00353A68 /* csmface_vis.inl in Headers */,
				551D47601FC1E012004F3B43 /* csmbasicshape2d.h in Headers */,
				559452871F79A0E5002AF198 /* csmquadrics.h in Headers */,
			);
			runOnlyForDeploymentPostprocessing = 0;
		};
/* End PBXHeadersBuildPhase section */

/* Begin PBXNativeTarget section */
		557954571E5DB074000FC91E /* rGWB */ = {
			isa = PBXNativeTarget;
			buildConfigurationList = 557954601E5DB074000FC91E /* Build configuration list for PBXNativeTarget "rGWB" */;
			buildPhases = (
				557954531E5DB074000FC91E /* Sources */,
				557954541E5DB074000FC91E /* Frameworks */,
				557954551E5DB074000FC91E /* Headers */,
				557954561E5DB074000FC91E /* Resources */,
			);
			buildRules = (
			);
			dependencies = (
				5536C8701FC1F4D0005CE275 /* PBXTargetDependency */,
				5536C8721FC1F4D0005CE275 /* PBXTargetDependency */,
				5598D6501F24E8BA00EA1876 /* PBXTargetDependency */,
			);
			name = rGWB;
			productName = rGWB;
			productReference = 557954581E5DB074000FC91E /* rGWB.framework */;
			productType = "com.apple.product-type.framework";
		};
/* End PBXNativeTarget section */

/* Begin PBXProject section */
		5579544F1E5DB074000FC91E /* Project object */ = {
			isa = PBXProject;
			attributes = {
				LastUpgradeCheck = 0900;
				ORGANIZATIONNAME = "Manuel Fernández";
				TargetAttributes = {
					557954571E5DB074000FC91E = {
						CreatedOnToolsVersion = 8.1;
						ProvisioningStyle = Automatic;
					};
				};
			};
			buildConfigurationList = 557954521E5DB074000FC91E /* Build configuration list for PBXProject "rGWB" */;
			compatibilityVersion = "Xcode 3.2";
			developmentRegion = English;
			hasScannedForEncodings = 0;
			knownRegions = (
				en,
			);
			mainGroup = 5579544E1E5DB074000FC91E;
			productRefGroup = 557954591E5DB074000FC91E /* Products */;
			projectDirPath = "";
			projectReferences = (
				{
					ProductGroup = 5598D61A1F24E8AF00EA1876 /* Products */;
					ProjectRef = 5598D6191F24E8AF00EA1876 /* basicGraphics.xcodeproj */;
				},
				{
					ProductGroup = 5536C8671FC1F4B7005CE275 /* Products */;
					ProjectRef = 5536C8661FC1F4B7005CE275 /* WinFrames2.xcodeproj */;
				},
				{
					ProductGroup = 5536C85E1FC1F4AD005CE275 /* Products */;
					ProjectRef = 5536C85D1FC1F4AD005CE275 /* WinFrames3.xcodeproj */;
				},
			);
			projectRoot = "";
			targets = (
				557954571E5DB074000FC91E /* rGWB */,
			);
		};
/* End PBXProject section */

/* Begin PBXReferenceProxy section */
		5536C8631FC1F4AD005CE275 /* WinFrames3.framework */ = {
			isa = PBXReferenceProxy;
			fileType = wrapper.framework;
			path = WinFrames3.framework;
			remoteRef = 5536C8621FC1F4AD005CE275 /* PBXContainerItemProxy */;
			sourceTree = BUILT_PRODUCTS_DIR;
		};
		5536C8651FC1F4AD005CE275 /* WinFrames3Tests.xctest */ = {
			isa = PBXReferenceProxy;
			fileType = wrapper.cfbundle;
			path = WinFrames3Tests.xctest;
			remoteRef = 5536C8641FC1F4AD005CE275 /* PBXContainerItemProxy */;
			sourceTree = BUILT_PRODUCTS_DIR;
		};
		5536C86C1FC1F4B7005CE275 /* WinFrames2.framework */ = {
			isa = PBXReferenceProxy;
			fileType = wrapper.framework;
			path = WinFrames2.framework;
			remoteRef = 5536C86B1FC1F4B7005CE275 /* PBXContainerItemProxy */;
			sourceTree = BUILT_PRODUCTS_DIR;
		};
		5536C86E1FC1F4B7005CE275 /* WinFrames2Tests.xctest */ = {
			isa = PBXReferenceProxy;
			fileType = wrapper.cfbundle;
			path = WinFrames2Tests.xctest;
			remoteRef = 5536C86D1FC1F4B7005CE275 /* PBXContainerItemProxy */;
			sourceTree = BUILT_PRODUCTS_DIR;
		};
		5598D6341F24E8AF00EA1876 /* basicGraphics.framework */ = {
			isa = PBXReferenceProxy;
			fileType = wrapper.framework;
			path = basicGraphics.framework;
			remoteRef = 5598D6331F24E8AF00EA1876 /* PBXContainerItemProxy */;
			sourceTree = BUILT_PRODUCTS_DIR;
		};
		5598D6361F24E8AF00EA1876 /* basicGraphicsTests.xctest */ = {
			isa = PBXReferenceProxy;
			fileType = wrapper.cfbundle;
			path = basicGraphicsTests.xctest;
			remoteRef = 5598D6351F24E8AF00EA1876 /* PBXContainerItemProxy */;
			sourceTree = BUILT_PRODUCTS_DIR;
		};
/* End PBXReferenceProxy section */

/* Begin PBXResourcesBuildPhase section */
		557954561E5DB074000FC91E /* Resources */ = {
			isa = PBXResourcesBuildPhase;
			buildActionMask = 2147483647;
			files = (
				554E4F7C1FC1EFDE00D8E7D4 /* Info.plist in Resources */,
				5507A6741E706175008B9F73 /* csmtest.h in Resources */,
				55308C3E1F9222B500353A68 /* csmmaterial.inl in Resources */,
				551D475C1FC1CED3004F3B43 /* csmshape2d.inl in Resources */,
				55A9842C1FBCC9DC009F7516 /* License.txt in Resources */,
				5507A6731E70610D008B9F73 /* rGWB.h in Resources */,
				5598D6141F24E7F600EA1876 /* csmviewer.inl in Resources */,
				557954691E5DB0A8000FC91E /* csmmem.inl in Resources */,
			);
			runOnlyForDeploymentPostprocessing = 0;
		};
/* End PBXResourcesBuildPhase section */

/* Begin PBXSourcesBuildPhase section */
		557954531E5DB074000FC91E /* Sources */ = {
			isa = PBXSourcesBuildPhase;
			buildActionMask = 2147483647;
			files = (
				55A9843A1FBE3A6A009F7516 /* csmArrPoint2D.c in Sources */,
				55089F4E1E8996B500B9570B /* csmglue.c in Sources */,
				550E55AF1F87A9440033864A /* csmarqsort.c in Sources */,
				557012C01E832F9600DFC490 /* csmmath.c in Sources */,
				557954951E5E4742000FC91E /* csmface.c in Sources */,
				5507A6291E700F7C008B9F73 /* csmeuler_lmef.c in Sources */,
				55244B2A1EAA57C4006F546E /* csmsplit.c in Sources */,
				55308C331F92161F00353A68 /* csmvertex_debug.c in Sources */,
				5507A62D1E701441008B9F73 /* csmeuler_lkef.c in Sources */,
				5507A5CA1E662758008B9F73 /* csmeuler_lmev.c in Sources */,
				55EA991F1ED38E66006C063C /* csmsetop_vtxvtx.c in Sources */,
				55308C151F92075200353A68 /* csmloop_debug.c in Sources */,
				55308C371F921A5600353A68 /* csmtest_array.c in Sources */,
				5507A6241E6B8714008B9F73 /* csmtest.c in Sources */,
				55E30FA91F24BAB300EDE74F /* csmdebug.mm in Sources */,
				55B54B771FBA4C5E00DE5833 /* csmexplode.c in Sources */,
				55308C1E1F920A8000353A68 /* csmface_debug.c in Sources */,
				5507A6841E736565008B9F73 /* csmeuler_lmfkrh.c in Sources */,
				557954A51E60D0EF000FC91E /* csmeuler_mvfs.c in Sources */,
				557954911E5E446C000FC91E /* csmloop.c in Sources */,
				5507A5C61E6624E7008B9F73 /* csmopbas.c in Sources */,
				5507A6781E7341CD008B9F73 /* csmeuler_lkemr.c in Sources */,
				55308C1A1F9209BC00353A68 /* csmface_vis.c in Sources */,
				55EA99231ED38FCD006C063C /* csmsetop_procedges.c in Sources */,
				557012A01E8328E400DFC490 /* csmsweep.c in Sources */,
				5579546A1E5DB0A8000FC91E /* csmmem.c in Sources */,
				5532DDB81E8FFE810047B9DF /* csmloopglue.c in Sources */,
				5579546F1E5DB24E000FC91E /* csmvertex.c in Sources */,
				557012BC1E832F0300DFC490 /* csmgeom.c in Sources */,
				5513277C1ECBA0CC00F2B04D /* csmsetop.c in Sources */,
				55308C2A1F92122500353A68 /* csmedge_debug.c in Sources */,
				5507A6881E736714008B9F73 /* csmeuler_lringmv.c in Sources */,
				55161B2B1F82DC3000FF0F24 /* csmarrayc.c in Sources */,
				551327771ECB9A6000F2B04D /* csmsetopcom.c in Sources */,
				55244B241EA0255A006F546E /* csmtransform.c in Sources */,
				5512FD1420B4857D00809018 /* csmeuler_mvfb.c in Sources */,
				55308C3B1F92219600353A68 /* csmmaterial.c in Sources */,
				5579548C1E5E41C1000FC91E /* csmedge.c in Sources */,
				55EA991A1ED389C0006C063C /* csmsetop_vtxfacc.c in Sources */,
				55F83C6A1FC4A33B009DBBEF /* csmsurface.c in Sources */,
				5559D4E4204F3F310058F6F5 /* csmsetop_join.c in Sources */,
				557954681E5DB0A8000FC91E /* csmassert.c in Sources */,
				551D47591FC1CD50004F3B43 /* csmshape2d.c in Sources */,
				557954991E5E4811000FC91E /* csmbbox.c in Sources */,
				55244B1D1E9F9DC0006F546E /* csmeuler_laringmv.c in Sources */,
				5507A6501E705618008B9F73 /* csmeuler_kvfs.c in Sources */,
				557954871E5E2DCB000FC91E /* csmstring.c in Sources */,
				5589F1EC2083EBE200526923 /* csmoptree.c in Sources */,
				557954811E5E1AA9000FC91E /* csmnode.c in Sources */,
				5507A6F21E7B450C008B9F73 /* csmhashtb.c in Sources */,
				55FA851720853B7200FB00EE /* csmstmodeler.c in Sources */,
				55308C221F920BCD00353A68 /* csmsolid_debug.c in Sources */,
				5598D6131F24E7F600EA1876 /* csmviewer.mm in Sources */,
				5507A67C1E73484D008B9F73 /* csmeuler_lmekr.c in Sources */,
				55A9843C1FBE3A6A009F7516 /* csmArrPoint3D.c in Sources */,
				5507A6801E7362EF008B9F73 /* csmeuler_lkfmrh.c in Sources */,
				5585C6B71FCB3DFA0045898B /* csmsubdvfaces.c in Sources */,
				5579549F1E5F942E000FC91E /* csmsolid.c in Sources */,
				551290C72089054600D0E419 /* csmsimplifysolid.c in Sources */,
				5507A64D1E70372E008B9F73 /* csmeuler_lkev.c in Sources */,
				551D475F1FC1E012004F3B43 /* csmbasicshape2d.c in Sources */,
				559452861F79A0E5002AF198 /* csmquadrics.c in Sources */,
				557954771E5E0694000FC91E /* csmid.c in Sources */,
				5579547D1E5E1403000FC91E /* csmhedge.c in Sources */,
				5532DDBF1E9001390047B9DF /* csmtolerance.c in Sources */,
				558DE349208B2ADD00AC42F4 /* csmfacbrep2solid.c in Sources */,
				55308C261F920D1800353A68 /* csmsolid_vis.c in Sources */,
			);
			runOnlyForDeploymentPostprocessing = 0;
		};
/* End PBXSourcesBuildPhase section */

/* Begin PBXTargetDependency section */
		5536C8701FC1F4D0005CE275 /* PBXTargetDependency */ = {
			isa = PBXTargetDependency;
			name = WinFrames2;
			targetProxy = 5536C86F1FC1F4D0005CE275 /* PBXContainerItemProxy */;
		};
		5536C8721FC1F4D0005CE275 /* PBXTargetDependency */ = {
			isa = PBXTargetDependency;
			name = WinFrames3;
			targetProxy = 5536C8711FC1F4D0005CE275 /* PBXContainerItemProxy */;
		};
		5598D6501F24E8BA00EA1876 /* PBXTargetDependency */ = {
			isa = PBXTargetDependency;
			name = basicGraphics;
			targetProxy = 5598D64F1F24E8BA00EA1876 /* PBXContainerItemProxy */;
		};
/* End PBXTargetDependency section */

/* Begin XCBuildConfiguration section */
		5579545E1E5DB074000FC91E /* Debug */ = {
			isa = XCBuildConfiguration;
			buildSettings = {
				ALWAYS_SEARCH_USER_PATHS = NO;
				CLANG_ANALYZER_NONNULL = YES;
				CLANG_CXX_LANGUAGE_STANDARD = "gnu++0x";
				CLANG_CXX_LIBRARY = "libc++";
				CLANG_ENABLE_MODULES = YES;
				CLANG_ENABLE_OBJC_ARC = YES;
				CLANG_WARN_BLOCK_CAPTURE_AUTORELEASING = YES;
				CLANG_WARN_BOOL_CONVERSION = YES;
				CLANG_WARN_COMMA = YES;
				CLANG_WARN_CONSTANT_CONVERSION = YES;
				CLANG_WARN_DIRECT_OBJC_ISA_USAGE = YES_ERROR;
				CLANG_WARN_DOCUMENTATION_COMMENTS = YES;
				CLANG_WARN_EMPTY_BODY = YES;
				CLANG_WARN_ENUM_CONVERSION = YES;
				CLANG_WARN_INFINITE_RECURSION = YES;
				CLANG_WARN_INT_CONVERSION = YES;
				CLANG_WARN_NON_LITERAL_NULL_CONVERSION = YES;
				CLANG_WARN_OBJC_LITERAL_CONVERSION = YES;
				CLANG_WARN_OBJC_ROOT_CLASS = YES_ERROR;
				CLANG_WARN_RANGE_LOOP_ANALYSIS = YES;
				CLANG_WARN_STRICT_PROTOTYPES = YES;
				CLANG_WARN_SUSPICIOUS_MOVE = YES;
				CLANG_WARN_SUSPICIOUS_MOVES = YES;
				CLANG_WARN_UNREACHABLE_CODE = YES;
				CLANG_WARN__DUPLICATE_METHOD_MATCH = YES;
				CODE_SIGN_IDENTITY = "-";
				COPY_PHASE_STRIP = NO;
				CURRENT_PROJECT_VERSION = 1;
				DEBUG_INFORMATION_FORMAT = dwarf;
				ENABLE_STRICT_OBJC_MSGSEND = YES;
				ENABLE_TESTABILITY = YES;
				GCC_C_LANGUAGE_STANDARD = gnu99;
				GCC_DYNAMIC_NO_PIC = NO;
				GCC_NO_COMMON_BLOCKS = YES;
				GCC_OPTIMIZATION_LEVEL = 0;
				GCC_PREPROCESSOR_DEFINITIONS = (
					"DEBUG=1",
					"$(inherited)",
				);
				GCC_WARN_64_TO_32_BIT_CONVERSION = YES;
				GCC_WARN_ABOUT_RETURN_TYPE = YES_ERROR;
				GCC_WARN_UNDECLARED_SELECTOR = YES;
				GCC_WARN_UNINITIALIZED_AUTOS = YES_AGGRESSIVE;
				GCC_WARN_UNUSED_FUNCTION = YES;
				GCC_WARN_UNUSED_VARIABLE = YES;
				MACOSX_DEPLOYMENT_TARGET = 10.12;
				MTL_ENABLE_DEBUG_INFO = YES;
				ONLY_ACTIVE_ARCH = YES;
				SDKROOT = macosx;
				VERSIONING_SYSTEM = "apple-generic";
				VERSION_INFO_PREFIX = "";
			};
			name = Debug;
		};
		5579545F1E5DB074000FC91E /* Release */ = {
			isa = XCBuildConfiguration;
			buildSettings = {
				ALWAYS_SEARCH_USER_PATHS = NO;
				CLANG_ANALYZER_NONNULL = YES;
				CLANG_CXX_LANGUAGE_STANDARD = "gnu++0x";
				CLANG_CXX_LIBRARY = "libc++";
				CLANG_ENABLE_MODULES = YES;
				CLANG_ENABLE_OBJC_ARC = YES;
				CLANG_WARN_BLOCK_CAPTURE_AUTORELEASING = YES;
				CLANG_WARN_BOOL_CONVERSION = YES;
				CLANG_WARN_COMMA = YES;
				CLANG_WARN_CONSTANT_CONVERSION = YES;
				CLANG_WARN_DIRECT_OBJC_ISA_USAGE = YES_ERROR;
				CLANG_WARN_DOCUMENTATION_COMMENTS = YES;
				CLANG_WARN_EMPTY_BODY = YES;
				CLANG_WARN_ENUM_CONVERSION = YES;
				CLANG_WARN_INFINITE_RECURSION = YES;
				CLANG_WARN_INT_CONVERSION = YES;
				CLANG_WARN_NON_LITERAL_NULL_CONVERSION = YES;
				CLANG_WARN_OBJC_LITERAL_CONVERSION = YES;
				CLANG_WARN_OBJC_ROOT_CLASS = YES_ERROR;
				CLANG_WARN_RANGE_LOOP_ANALYSIS = YES;
				CLANG_WARN_STRICT_PROTOTYPES = YES;
				CLANG_WARN_SUSPICIOUS_MOVE = YES;
				CLANG_WARN_SUSPICIOUS_MOVES = YES;
				CLANG_WARN_UNREACHABLE_CODE = YES;
				CLANG_WARN__DUPLICATE_METHOD_MATCH = YES;
				CODE_SIGN_IDENTITY = "-";
				COPY_PHASE_STRIP = NO;
				CURRENT_PROJECT_VERSION = 1;
				DEBUG_INFORMATION_FORMAT = "dwarf-with-dsym";
				ENABLE_NS_ASSERTIONS = NO;
				ENABLE_STRICT_OBJC_MSGSEND = YES;
				GCC_C_LANGUAGE_STANDARD = gnu99;
				GCC_NO_COMMON_BLOCKS = YES;
				GCC_WARN_64_TO_32_BIT_CONVERSION = YES;
				GCC_WARN_ABOUT_RETURN_TYPE = YES_ERROR;
				GCC_WARN_UNDECLARED_SELECTOR = YES;
				GCC_WARN_UNINITIALIZED_AUTOS = YES_AGGRESSIVE;
				GCC_WARN_UNUSED_FUNCTION = YES;
				GCC_WARN_UNUSED_VARIABLE = YES;
				MACOSX_DEPLOYMENT_TARGET = 10.12;
				MTL_ENABLE_DEBUG_INFO = NO;
				SDKROOT = macosx;
				VERSIONING_SYSTEM = "apple-generic";
				VERSION_INFO_PREFIX = "";
			};
			name = Release;
		};
		557954611E5DB074000FC91E /* Debug */ = {
			isa = XCBuildConfiguration;
			buildSettings = {
				CLANG_WARN_DOCUMENTATION_COMMENTS = NO;
				CODE_SIGN_IDENTITY = "";
				COMBINE_HIDPI_IMAGES = YES;
				DEFINES_MODULE = YES;
				DYLIB_COMPATIBILITY_VERSION = 1;
				DYLIB_CURRENT_VERSION = 1;
				DYLIB_INSTALL_NAME_BASE = "@rpath";
				FRAMEWORK_VERSION = A;
				"GCC_PREPROCESSOR_DEFINITIONS[arch=*]" = "__STANDALONE_DISTRIBUTABLE=1";
				INFOPLIST_FILE = rGWB/Info.plist;
				INSTALL_PATH = "$(LOCAL_LIBRARY_DIR)/Frameworks";
				LD_RUNPATH_SEARCH_PATHS = "$(inherited) @executable_path/../Frameworks @loader_path/Frameworks";
				PRODUCT_BUNDLE_IDENTIFIER = MSW.rGWB;
				PRODUCT_NAME = "$(TARGET_NAME)";
				SKIP_INSTALL = YES;
			};
			name = Debug;
		};
		557954621E5DB074000FC91E /* Release */ = {
			isa = XCBuildConfiguration;
			buildSettings = {
				CLANG_WARN_DOCUMENTATION_COMMENTS = NO;
				CODE_SIGN_IDENTITY = "";
				COMBINE_HIDPI_IMAGES = YES;
				DEFINES_MODULE = YES;
				DYLIB_COMPATIBILITY_VERSION = 1;
				DYLIB_CURRENT_VERSION = 1;
				DYLIB_INSTALL_NAME_BASE = "@rpath";
				FRAMEWORK_VERSION = A;
				"GCC_PREPROCESSOR_DEFINITIONS[arch=*]" = "__STANDALONE_DISTRIBUTABLE=1";
				INFOPLIST_FILE = rGWB/Info.plist;
				INSTALL_PATH = "$(LOCAL_LIBRARY_DIR)/Frameworks";
				LD_RUNPATH_SEARCH_PATHS = "$(inherited) @executable_path/../Frameworks @loader_path/Frameworks";
				PRODUCT_BUNDLE_IDENTIFIER = MSW.rGWB;
				PRODUCT_NAME = "$(TARGET_NAME)";
				SKIP_INSTALL = YES;
			};
			name = Release;
		};
/* End XCBuildConfiguration section */

/* Begin XCConfigurationList section */
		557954521E5DB074000FC91E /* Build configuration list for PBXProject "rGWB" */ = {
			isa = XCConfigurationList;
			buildConfigurations = (
				5579545E1E5DB074000FC91E /* Debug */,
				5579545F1E5DB074000FC91E /* Release */,
			);
			defaultConfigurationIsVisible = 0;
			defaultConfigurationName = Release;
		};
		557954601E5DB074000FC91E /* Build configuration list for PBXNativeTarget "rGWB" */ = {
			isa = XCConfigurationList;
			buildConfigurations = (
				557954611E5DB074000FC91E /* Debug */,
				557954621E5DB074000FC91E /* Release */,
			);
			defaultConfigurationIsVisible = 0;
			defaultConfigurationName = Release;
		};
/* End XCConfigurationList section */
	};
	rootObject = 5579544F1E5DB074000FC91E /* Project object */;
}
