// !$*UTF8*$!
{
	archiveVersion = 1;
	classes = {
	};
	objectVersion = 46;
	objects = {

/* Begin PBXBuildFile section */
		5507A5C61E6624E7008B9F73 /* csmopbas.c in Sources */ = {isa = PBXBuildFile; fileRef = 5507A5C41E6624E7008B9F73 /* csmopbas.c */; };
		5507A5C71E6624E7008B9F73 /* csmopbas.inl in Headers */ = {isa = PBXBuildFile; fileRef = 5507A5C51E6624E7008B9F73 /* csmopbas.inl */; };
		5507A5CA1E662758008B9F73 /* csmeuler_lmev.c in Sources */ = {isa = PBXBuildFile; fileRef = 5507A5C81E662758008B9F73 /* csmeuler_lmev.c */; };
		5507A5CB1E662758008B9F73 /* csmeuler_lmev.inl in Headers */ = {isa = PBXBuildFile; fileRef = 5507A5C91E662758008B9F73 /* csmeuler_lmev.inl */; };
		5507A6211E6B744A008B9F73 /* csmeuler_lkev.inl in Headers */ = {isa = PBXBuildFile; fileRef = 5507A61F1E6B744A008B9F73 /* csmeuler_lkev.inl */; };
		5507A6241E6B8714008B9F73 /* csmtest.c in Sources */ = {isa = PBXBuildFile; fileRef = 5507A6221E6B8714008B9F73 /* csmtest.c */; };
		5507A6251E6B8714008B9F73 /* csmtest.h in Headers */ = {isa = PBXBuildFile; fileRef = 5507A6231E6B8714008B9F73 /* csmtest.h */; settings = {ATTRIBUTES = (Public, ); }; };
		5507A6291E700F7C008B9F73 /* csmeuler_lmef.c in Sources */ = {isa = PBXBuildFile; fileRef = 5507A6271E700F7C008B9F73 /* csmeuler_lmef.c */; };
		5507A62A1E700F7C008B9F73 /* csmeuler_lmef.inl in Headers */ = {isa = PBXBuildFile; fileRef = 5507A6281E700F7C008B9F73 /* csmeuler_lmef.inl */; };
		5507A62D1E701441008B9F73 /* csmeuler_lkef.c in Sources */ = {isa = PBXBuildFile; fileRef = 5507A62B1E701441008B9F73 /* csmeuler_lkef.c */; };
		5507A62E1E701441008B9F73 /* csmeuler_lkef.inl in Headers */ = {isa = PBXBuildFile; fileRef = 5507A62C1E701441008B9F73 /* csmeuler_lkef.inl */; };
		5507A64D1E70372E008B9F73 /* csmeuler_lkev.c in Sources */ = {isa = PBXBuildFile; fileRef = 5507A64C1E70372E008B9F73 /* csmeuler_lkev.c */; };
		5507A6501E705618008B9F73 /* csmeuler_kvfs.c in Sources */ = {isa = PBXBuildFile; fileRef = 5507A64E1E705618008B9F73 /* csmeuler_kvfs.c */; };
		5507A6511E705618008B9F73 /* csmeuler_kvfs.inl in Headers */ = {isa = PBXBuildFile; fileRef = 5507A64F1E705618008B9F73 /* csmeuler_kvfs.inl */; };
		5507A6731E70610D008B9F73 /* cysolidmodeling.h in Resources */ = {isa = PBXBuildFile; fileRef = 5579545B1E5DB074000FC91E /* cysolidmodeling.h */; };
		5507A6741E706175008B9F73 /* csmtest.h in Resources */ = {isa = PBXBuildFile; fileRef = 5507A6231E6B8714008B9F73 /* csmtest.h */; };
		5507A6781E7341CD008B9F73 /* csmeuler_lkemr.c in Sources */ = {isa = PBXBuildFile; fileRef = 5507A6761E7341CD008B9F73 /* csmeuler_lkemr.c */; };
		5507A6791E7341CD008B9F73 /* csmeuler_lkemr.inl in Headers */ = {isa = PBXBuildFile; fileRef = 5507A6771E7341CD008B9F73 /* csmeuler_lkemr.inl */; };
		5507A67C1E73484D008B9F73 /* csmeuler_lmekr.c in Sources */ = {isa = PBXBuildFile; fileRef = 5507A67A1E73484D008B9F73 /* csmeuler_lmekr.c */; };
		5507A67D1E73484D008B9F73 /* csmeuler_lmekr.inl in Headers */ = {isa = PBXBuildFile; fileRef = 5507A67B1E73484D008B9F73 /* csmeuler_lmekr.inl */; };
		5507A6801E7362EF008B9F73 /* csmeuler_lkfmrh.c in Sources */ = {isa = PBXBuildFile; fileRef = 5507A67E1E7362EF008B9F73 /* csmeuler_lkfmrh.c */; };
		5507A6811E7362EF008B9F73 /* csmeuler_lkfmrh.inl in Headers */ = {isa = PBXBuildFile; fileRef = 5507A67F1E7362EF008B9F73 /* csmeuler_lkfmrh.inl */; };
		5507A6841E736565008B9F73 /* csmeuler_lmfkrh.c in Sources */ = {isa = PBXBuildFile; fileRef = 5507A6821E736565008B9F73 /* csmeuler_lmfkrh.c */; };
		5507A6851E736565008B9F73 /* csmeuler_lmfkrh.inl in Headers */ = {isa = PBXBuildFile; fileRef = 5507A6831E736565008B9F73 /* csmeuler_lmfkrh.inl */; };
		5507A6881E736714008B9F73 /* csmeuler_lringmv.c in Sources */ = {isa = PBXBuildFile; fileRef = 5507A6861E736714008B9F73 /* csmeuler_lringmv.c */; };
		5507A6891E736714008B9F73 /* csmeuler_lringmv.inl in Headers */ = {isa = PBXBuildFile; fileRef = 5507A6871E736714008B9F73 /* csmeuler_lringmv.inl */; };
		5507A6E21E7B405D008B9F73 /* a_pto3d.h in Headers */ = {isa = PBXBuildFile; fileRef = 5507A6E11E7B405D008B9F73 /* a_pto3d.h */; };
		5507A6E41E7B4077008B9F73 /* a_pto2d.h in Headers */ = {isa = PBXBuildFile; fileRef = 5507A6E31E7B4077008B9F73 /* a_pto2d.h */; };
		5507A6E91E7B40B4008B9F73 /* basicSystem.framework in Frameworks */ = {isa = PBXBuildFile; fileRef = 5507A6DD1E7B4012008B9F73 /* basicSystem.framework */; };
		5507A6EA1E7B40B4008B9F73 /* cypearrays.framework in Frameworks */ = {isa = PBXBuildFile; fileRef = 5507A6D41E7B400D008B9F73 /* cypearrays.framework */; };
		5507A6EC1E7B40BA008B9F73 /* Cocoa.framework in Frameworks */ = {isa = PBXBuildFile; fileRef = 5507A6EB1E7B40BA008B9F73 /* Cocoa.framework */; };
		5507A6EE1E7B40C1008B9F73 /* Foundation.framework in Frameworks */ = {isa = PBXBuildFile; fileRef = 5507A6ED1E7B40C1008B9F73 /* Foundation.framework */; };
		5507A6EF1E7B42C8008B9F73 /* a_punter.h in Headers */ = {isa = PBXBuildFile; fileRef = 5507A6E01E7B402D008B9F73 /* a_punter.h */; };
		5507A6F21E7B450C008B9F73 /* csmhashtb.c in Sources */ = {isa = PBXBuildFile; fileRef = 5507A6F01E7B450C008B9F73 /* csmhashtb.c */; };
		5507A6F31E7B450C008B9F73 /* csmhashtb.hxx in Headers */ = {isa = PBXBuildFile; fileRef = 5507A6F11E7B450C008B9F73 /* csmhashtb.hxx */; };
		5507A6F51E7B451E008B9F73 /* csmhashtb.inl in Headers */ = {isa = PBXBuildFile; fileRef = 5507A6F41E7B451E008B9F73 /* csmhashtb.inl */; };
		5507A6FB1E7B47CB008B9F73 /* csmuthash.hxx in Headers */ = {isa = PBXBuildFile; fileRef = 5507A6FA1E7B47CB008B9F73 /* csmuthash.hxx */; };
		55089F4E1E8996B500B9570B /* csmglue.c in Sources */ = {isa = PBXBuildFile; fileRef = 55089F4C1E8996B500B9570B /* csmglue.c */; };
		55089F4F1E8996B500B9570B /* csmglue.h in Headers */ = {isa = PBXBuildFile; fileRef = 55089F4D1E8996B500B9570B /* csmglue.h */; };
		55244B1D1E9F9DC0006F546E /* csmeuler_laringmv.c in Sources */ = {isa = PBXBuildFile; fileRef = 55244B1B1E9F9DC0006F546E /* csmeuler_laringmv.c */; };
		55244B1E1E9F9DC0006F546E /* csmeuler_laringmv.inl in Headers */ = {isa = PBXBuildFile; fileRef = 55244B1C1E9F9DC0006F546E /* csmeuler_laringmv.inl */; };
		55244B241EA0255A006F546E /* csmtransform.c in Sources */ = {isa = PBXBuildFile; fileRef = 55244B221EA0255A006F546E /* csmtransform.c */; };
		55244B251EA0255A006F546E /* csmtransform.inl in Headers */ = {isa = PBXBuildFile; fileRef = 55244B231EA0255A006F546E /* csmtransform.inl */; };
		55244B271EA02AED006F546E /* csmsolid.h in Headers */ = {isa = PBXBuildFile; fileRef = 55244B261EA02A68006F546E /* csmsolid.h */; settings = {ATTRIBUTES = (Public, ); }; };
		55244B2A1EAA57C4006F546E /* csmsplit.c in Sources */ = {isa = PBXBuildFile; fileRef = 55244B281EAA57C4006F546E /* csmsplit.c */; };
		55244B2B1EAA57C4006F546E /* csmsplit.h in Headers */ = {isa = PBXBuildFile; fileRef = 55244B291EAA57C4006F546E /* csmsplit.h */; };
		5532DDB81E8FFE810047B9DF /* csmloopglue.c in Sources */ = {isa = PBXBuildFile; fileRef = 5532DDB61E8FFE810047B9DF /* csmloopglue.c */; };
		5532DDB91E8FFE810047B9DF /* csmloopglue.inl in Headers */ = {isa = PBXBuildFile; fileRef = 5532DDB71E8FFE810047B9DF /* csmloopglue.inl */; };
		5532DDBF1E9001390047B9DF /* csmtolerance.c in Sources */ = {isa = PBXBuildFile; fileRef = 5532DDBD1E9001390047B9DF /* csmtolerance.c */; };
		5532DDC01E9001390047B9DF /* csmtolerance.inl in Headers */ = {isa = PBXBuildFile; fileRef = 5532DDBE1E9001390047B9DF /* csmtolerance.inl */; };
		55354A441E9AE595007B0692 /* csmmath.tli in Headers */ = {isa = PBXBuildFile; fileRef = 55354A431E9AE595007B0692 /* csmmath.tli */; };
		557012A01E8328E400DFC490 /* csmsweep.c in Sources */ = {isa = PBXBuildFile; fileRef = 5570129E1E8328E400DFC490 /* csmsweep.c */; };
		557012A11E8328E400DFC490 /* csmsweep.h in Headers */ = {isa = PBXBuildFile; fileRef = 5570129F1E8328E400DFC490 /* csmsweep.h */; };
		557012A31E832A2F00DFC490 /* cont2d.h in Headers */ = {isa = PBXBuildFile; fileRef = 557012A21E832A2F00DFC490 /* cont2d.h */; };
		557012B91E832A7800DFC490 /* geomcomp.framework in Frameworks */ = {isa = PBXBuildFile; fileRef = 557012B41E832A5900DFC490 /* geomcomp.framework */; };
		557012BC1E832F0300DFC490 /* csmgeom.c in Sources */ = {isa = PBXBuildFile; fileRef = 557012BA1E832F0300DFC490 /* csmgeom.c */; };
		557012BD1E832F0300DFC490 /* csmgeom.inl in Headers */ = {isa = PBXBuildFile; fileRef = 557012BB1E832F0300DFC490 /* csmgeom.inl */; };
		557012C01E832F9600DFC490 /* csmmath.c in Sources */ = {isa = PBXBuildFile; fileRef = 557012BE1E832F9600DFC490 /* csmmath.c */; };
		557012C11E832F9600DFC490 /* csmmath.inl in Headers */ = {isa = PBXBuildFile; fileRef = 557012BF1E832F9600DFC490 /* csmmath.inl */; };
		5579545D1E5DB074000FC91E /* cysolidmodeling.h in Headers */ = {isa = PBXBuildFile; fileRef = 5579545B1E5DB074000FC91E /* cysolidmodeling.h */; settings = {ATTRIBUTES = (Public, ); }; };
		557954671E5DB0A8000FC91E /* cyassert.h in Resources */ = {isa = PBXBuildFile; fileRef = 557954631E5DB0A8000FC91E /* cyassert.h */; };
		557954681E5DB0A8000FC91E /* cyassert.c in Sources */ = {isa = PBXBuildFile; fileRef = 557954641E5DB0A8000FC91E /* cyassert.c */; };
		557954691E5DB0A8000FC91E /* cypespy.h in Resources */ = {isa = PBXBuildFile; fileRef = 557954651E5DB0A8000FC91E /* cypespy.h */; };
		5579546A1E5DB0A8000FC91E /* cypespy.c in Sources */ = {isa = PBXBuildFile; fileRef = 557954661E5DB0A8000FC91E /* cypespy.c */; };
		5579546F1E5DB24E000FC91E /* csmvertex.c in Sources */ = {isa = PBXBuildFile; fileRef = 5579546D1E5DB24E000FC91E /* csmvertex.c */; };
		557954701E5DB24E000FC91E /* csmvertex.inl in Headers */ = {isa = PBXBuildFile; fileRef = 5579546E1E5DB24E000FC91E /* csmvertex.inl */; };
		557954721E5DB275000FC91E /* csmfwddecl.hxx in Headers */ = {isa = PBXBuildFile; fileRef = 557954711E5DB275000FC91E /* csmfwddecl.hxx */; };
		557954771E5E0694000FC91E /* cypeid.c in Sources */ = {isa = PBXBuildFile; fileRef = 557954751E5E0694000FC91E /* cypeid.c */; };
		557954781E5E0694000FC91E /* cypeid.h in Headers */ = {isa = PBXBuildFile; fileRef = 557954761E5E0694000FC91E /* cypeid.h */; };
		5579547D1E5E1403000FC91E /* csmhedge.c in Sources */ = {isa = PBXBuildFile; fileRef = 5579547B1E5E1403000FC91E /* csmhedge.c */; };
		5579547E1E5E1403000FC91E /* csmhedge.inl in Headers */ = {isa = PBXBuildFile; fileRef = 5579547C1E5E1403000FC91E /* csmhedge.inl */; };
		557954811E5E1AA9000FC91E /* csmnode.c in Sources */ = {isa = PBXBuildFile; fileRef = 5579547F1E5E1AA9000FC91E /* csmnode.c */; };
		557954821E5E1AA9000FC91E /* csmnode.inl in Headers */ = {isa = PBXBuildFile; fileRef = 557954801E5E1AA9000FC91E /* csmnode.inl */; };
		557954841E5E1AE9000FC91E /* csmnode.hxx in Headers */ = {isa = PBXBuildFile; fileRef = 557954831E5E1AE9000FC91E /* csmnode.hxx */; };
		557954871E5E2DCB000FC91E /* cypestr.c in Sources */ = {isa = PBXBuildFile; fileRef = 557954851E5E2DCB000FC91E /* cypestr.c */; };
		557954881E5E2DCB000FC91E /* cypestr.h in Headers */ = {isa = PBXBuildFile; fileRef = 557954861E5E2DCB000FC91E /* cypestr.h */; };
		5579548C1E5E41C1000FC91E /* csmedge.c in Sources */ = {isa = PBXBuildFile; fileRef = 5579548A1E5E41C1000FC91E /* csmedge.c */; };
		5579548D1E5E41C1000FC91E /* csmedge.inl in Headers */ = {isa = PBXBuildFile; fileRef = 5579548B1E5E41C1000FC91E /* csmedge.inl */; };
		557954911E5E446C000FC91E /* csmloop.c in Sources */ = {isa = PBXBuildFile; fileRef = 5579548F1E5E446C000FC91E /* csmloop.c */; };
		557954921E5E446C000FC91E /* csmloop.inl in Headers */ = {isa = PBXBuildFile; fileRef = 557954901E5E446C000FC91E /* csmloop.inl */; };
		557954951E5E4742000FC91E /* csmface.c in Sources */ = {isa = PBXBuildFile; fileRef = 557954931E5E4742000FC91E /* csmface.c */; };
		557954961E5E4742000FC91E /* csmface.inl in Headers */ = {isa = PBXBuildFile; fileRef = 557954941E5E4742000FC91E /* csmface.inl */; };
		557954991E5E4811000FC91E /* csmbbox.c in Sources */ = {isa = PBXBuildFile; fileRef = 557954971E5E4811000FC91E /* csmbbox.c */; };
		5579549A1E5E4811000FC91E /* csmbbox.inl in Headers */ = {isa = PBXBuildFile; fileRef = 557954981E5E4811000FC91E /* csmbbox.inl */; };
		5579549F1E5F942E000FC91E /* csmsolid.c in Sources */ = {isa = PBXBuildFile; fileRef = 5579549D1E5F942E000FC91E /* csmsolid.c */; };
		557954A01E5F942E000FC91E /* csmsolid.inl in Headers */ = {isa = PBXBuildFile; fileRef = 5579549E1E5F942E000FC91E /* csmsolid.inl */; };
		557954A21E60D064000FC91E /* csmsolid.tli in Headers */ = {isa = PBXBuildFile; fileRef = 557954A11E60D064000FC91E /* csmsolid.tli */; };
		557954A51E60D0EF000FC91E /* csmeuler_mvfs.c in Sources */ = {isa = PBXBuildFile; fileRef = 557954A31E60D0EF000FC91E /* csmeuler_mvfs.c */; };
		557954A61E60D0EF000FC91E /* csmeuler_mvfs.inl in Headers */ = {isa = PBXBuildFile; fileRef = 557954A41E60D0EF000FC91E /* csmeuler_mvfs.inl */; };
/* End PBXBuildFile section */

/* Begin PBXContainerItemProxy section */
		5507A6D31E7B400D008B9F73 /* PBXContainerItemProxy */ = {
			isa = PBXContainerItemProxy;
			containerPortal = 5507A6CE1E7B400D008B9F73 /* cypearrays.xcodeproj */;
			proxyType = 2;
			remoteGlobalIDString = 55321FD919E6766C002BB462;
			remoteInfo = cypearrays;
		};
		5507A6D51E7B400D008B9F73 /* PBXContainerItemProxy */ = {
			isa = PBXContainerItemProxy;
			containerPortal = 5507A6CE1E7B400D008B9F73 /* cypearrays.xcodeproj */;
			proxyType = 2;
			remoteGlobalIDString = 55321FE419E6766C002BB462;
			remoteInfo = cypearraysTests;
		};
		5507A6DC1E7B4012008B9F73 /* PBXContainerItemProxy */ = {
			isa = PBXContainerItemProxy;
			containerPortal = 5507A6D71E7B4011008B9F73 /* basicSystem.xcodeproj */;
			proxyType = 2;
			remoteGlobalIDString = 55321F5A19E67477002BB462;
			remoteInfo = basicSystem;
		};
		5507A6DE1E7B4012008B9F73 /* PBXContainerItemProxy */ = {
			isa = PBXContainerItemProxy;
			containerPortal = 5507A6D71E7B4011008B9F73 /* basicSystem.xcodeproj */;
			proxyType = 2;
			remoteGlobalIDString = 55321F6519E67477002BB462;
			remoteInfo = basicSystemTests;
		};
		5507A6E51E7B40AA008B9F73 /* PBXContainerItemProxy */ = {
			isa = PBXContainerItemProxy;
			containerPortal = 5507A6D71E7B4011008B9F73 /* basicSystem.xcodeproj */;
			proxyType = 1;
			remoteGlobalIDString = 55321F5919E67477002BB462;
			remoteInfo = basicSystem;
		};
		5507A6E71E7B40AA008B9F73 /* PBXContainerItemProxy */ = {
			isa = PBXContainerItemProxy;
			containerPortal = 5507A6CE1E7B400D008B9F73 /* cypearrays.xcodeproj */;
			proxyType = 1;
			remoteGlobalIDString = 55321FD819E6766C002BB462;
			remoteInfo = cypearrays;
		};
		557012B31E832A5900DFC490 /* PBXContainerItemProxy */ = {
			isa = PBXContainerItemProxy;
			containerPortal = 557012AE1E832A5900DFC490 /* geomcomp.xcodeproj */;
			proxyType = 2;
			remoteGlobalIDString = 5532210419E678F2002BB462;
			remoteInfo = geomcomp;
		};
		557012B51E832A5900DFC490 /* PBXContainerItemProxy */ = {
			isa = PBXContainerItemProxy;
			containerPortal = 557012AE1E832A5900DFC490 /* geomcomp.xcodeproj */;
			proxyType = 2;
			remoteGlobalIDString = 5532210F19E678F3002BB462;
			remoteInfo = geomcompTests;
		};
		557012B71E832A6F00DFC490 /* PBXContainerItemProxy */ = {
			isa = PBXContainerItemProxy;
			containerPortal = 557012AE1E832A5900DFC490 /* geomcomp.xcodeproj */;
			proxyType = 1;
			remoteGlobalIDString = 5532210319E678F2002BB462;
			remoteInfo = geomcomp;
		};
/* End PBXContainerItemProxy section */

/* Begin PBXFileReference section */
		5507A5C41E6624E7008B9F73 /* csmopbas.c */ = {isa = PBXFileReference; fileEncoding = 4; lastKnownFileType = sourcecode.c.c; path = csmopbas.c; sourceTree = "<group>"; };
		5507A5C51E6624E7008B9F73 /* csmopbas.inl */ = {isa = PBXFileReference; fileEncoding = 4; lastKnownFileType = text; path = csmopbas.inl; sourceTree = "<group>"; };
		5507A5C81E662758008B9F73 /* csmeuler_lmev.c */ = {isa = PBXFileReference; fileEncoding = 4; lastKnownFileType = sourcecode.c.c; path = csmeuler_lmev.c; sourceTree = "<group>"; };
		5507A5C91E662758008B9F73 /* csmeuler_lmev.inl */ = {isa = PBXFileReference; fileEncoding = 4; lastKnownFileType = text; path = csmeuler_lmev.inl; sourceTree = "<group>"; };
		5507A61F1E6B744A008B9F73 /* csmeuler_lkev.inl */ = {isa = PBXFileReference; fileEncoding = 4; lastKnownFileType = text; path = csmeuler_lkev.inl; sourceTree = "<group>"; };
		5507A6221E6B8714008B9F73 /* csmtest.c */ = {isa = PBXFileReference; explicitFileType = sourcecode.c.objc; fileEncoding = 4; path = csmtest.c; sourceTree = "<group>"; };
		5507A6231E6B8714008B9F73 /* csmtest.h */ = {isa = PBXFileReference; fileEncoding = 4; lastKnownFileType = sourcecode.c.h; path = csmtest.h; sourceTree = "<group>"; };
		5507A6271E700F7C008B9F73 /* csmeuler_lmef.c */ = {isa = PBXFileReference; fileEncoding = 4; lastKnownFileType = sourcecode.c.c; path = csmeuler_lmef.c; sourceTree = "<group>"; };
		5507A6281E700F7C008B9F73 /* csmeuler_lmef.inl */ = {isa = PBXFileReference; fileEncoding = 4; lastKnownFileType = text; path = csmeuler_lmef.inl; sourceTree = "<group>"; };
		5507A62B1E701441008B9F73 /* csmeuler_lkef.c */ = {isa = PBXFileReference; fileEncoding = 4; lastKnownFileType = sourcecode.c.c; path = csmeuler_lkef.c; sourceTree = "<group>"; };
		5507A62C1E701441008B9F73 /* csmeuler_lkef.inl */ = {isa = PBXFileReference; fileEncoding = 4; lastKnownFileType = text; path = csmeuler_lkef.inl; sourceTree = "<group>"; };
		5507A64C1E70372E008B9F73 /* csmeuler_lkev.c */ = {isa = PBXFileReference; fileEncoding = 4; lastKnownFileType = sourcecode.c.c; path = csmeuler_lkev.c; sourceTree = "<group>"; };
		5507A64E1E705618008B9F73 /* csmeuler_kvfs.c */ = {isa = PBXFileReference; fileEncoding = 4; lastKnownFileType = sourcecode.c.c; path = csmeuler_kvfs.c; sourceTree = "<group>"; };
		5507A64F1E705618008B9F73 /* csmeuler_kvfs.inl */ = {isa = PBXFileReference; fileEncoding = 4; lastKnownFileType = text; path = csmeuler_kvfs.inl; sourceTree = "<group>"; };
		5507A6761E7341CD008B9F73 /* csmeuler_lkemr.c */ = {isa = PBXFileReference; fileEncoding = 4; lastKnownFileType = sourcecode.c.c; path = csmeuler_lkemr.c; sourceTree = "<group>"; };
		5507A6771E7341CD008B9F73 /* csmeuler_lkemr.inl */ = {isa = PBXFileReference; fileEncoding = 4; lastKnownFileType = text; path = csmeuler_lkemr.inl; sourceTree = "<group>"; };
		5507A67A1E73484D008B9F73 /* csmeuler_lmekr.c */ = {isa = PBXFileReference; fileEncoding = 4; lastKnownFileType = sourcecode.c.c; path = csmeuler_lmekr.c; sourceTree = "<group>"; };
		5507A67B1E73484D008B9F73 /* csmeuler_lmekr.inl */ = {isa = PBXFileReference; fileEncoding = 4; lastKnownFileType = text; path = csmeuler_lmekr.inl; sourceTree = "<group>"; };
		5507A67E1E7362EF008B9F73 /* csmeuler_lkfmrh.c */ = {isa = PBXFileReference; fileEncoding = 4; lastKnownFileType = sourcecode.c.c; path = csmeuler_lkfmrh.c; sourceTree = "<group>"; };
		5507A67F1E7362EF008B9F73 /* csmeuler_lkfmrh.inl */ = {isa = PBXFileReference; fileEncoding = 4; lastKnownFileType = text; path = csmeuler_lkfmrh.inl; sourceTree = "<group>"; };
		5507A6821E736565008B9F73 /* csmeuler_lmfkrh.c */ = {isa = PBXFileReference; fileEncoding = 4; lastKnownFileType = sourcecode.c.c; path = csmeuler_lmfkrh.c; sourceTree = "<group>"; };
		5507A6831E736565008B9F73 /* csmeuler_lmfkrh.inl */ = {isa = PBXFileReference; fileEncoding = 4; lastKnownFileType = text; path = csmeuler_lmfkrh.inl; sourceTree = "<group>"; };
		5507A6861E736714008B9F73 /* csmeuler_lringmv.c */ = {isa = PBXFileReference; fileEncoding = 4; lastKnownFileType = sourcecode.c.c; path = csmeuler_lringmv.c; sourceTree = "<group>"; };
		5507A6871E736714008B9F73 /* csmeuler_lringmv.inl */ = {isa = PBXFileReference; fileEncoding = 4; lastKnownFileType = text; path = csmeuler_lringmv.inl; sourceTree = "<group>"; };
		5507A6CE1E7B400D008B9F73 /* cypearrays.xcodeproj */ = {isa = PBXFileReference; lastKnownFileType = "wrapper.pb-project"; name = cypearrays.xcodeproj; path = ../cypearrays/cypearrays.xcodeproj; sourceTree = "<group>"; };
		5507A6D71E7B4011008B9F73 /* basicSystem.xcodeproj */ = {isa = PBXFileReference; lastKnownFileType = "wrapper.pb-project"; name = basicSystem.xcodeproj; path = ../basicSystem/basicSystem.xcodeproj; sourceTree = "<group>"; };
		5507A6E01E7B402D008B9F73 /* a_punter.h */ = {isa = PBXFileReference; lastKnownFileType = sourcecode.c.h; path = a_punter.h; sourceTree = "<group>"; };
		5507A6E11E7B405D008B9F73 /* a_pto3d.h */ = {isa = PBXFileReference; fileEncoding = 4; lastKnownFileType = sourcecode.c.h; path = a_pto3d.h; sourceTree = "<group>"; };
		5507A6E31E7B4077008B9F73 /* a_pto2d.h */ = {isa = PBXFileReference; fileEncoding = 4; lastKnownFileType = sourcecode.c.h; path = a_pto2d.h; sourceTree = "<group>"; };
		5507A6EB1E7B40BA008B9F73 /* Cocoa.framework */ = {isa = PBXFileReference; lastKnownFileType = wrapper.framework; name = Cocoa.framework; path = System/Library/Frameworks/Cocoa.framework; sourceTree = SDKROOT; };
		5507A6ED1E7B40C1008B9F73 /* Foundation.framework */ = {isa = PBXFileReference; lastKnownFileType = wrapper.framework; name = Foundation.framework; path = System/Library/Frameworks/Foundation.framework; sourceTree = SDKROOT; };
		5507A6F01E7B450C008B9F73 /* csmhashtb.c */ = {isa = PBXFileReference; fileEncoding = 4; lastKnownFileType = sourcecode.c.c; path = csmhashtb.c; sourceTree = "<group>"; };
		5507A6F11E7B450C008B9F73 /* csmhashtb.hxx */ = {isa = PBXFileReference; fileEncoding = 4; lastKnownFileType = sourcecode.cpp.h; path = csmhashtb.hxx; sourceTree = "<group>"; };
		5507A6F41E7B451E008B9F73 /* csmhashtb.inl */ = {isa = PBXFileReference; fileEncoding = 4; lastKnownFileType = text; path = csmhashtb.inl; sourceTree = "<group>"; };
		5507A6FA1E7B47CB008B9F73 /* csmuthash.hxx */ = {isa = PBXFileReference; fileEncoding = 4; lastKnownFileType = sourcecode.cpp.h; path = csmuthash.hxx; sourceTree = "<group>"; };
		55089F4C1E8996B500B9570B /* csmglue.c */ = {isa = PBXFileReference; fileEncoding = 4; lastKnownFileType = sourcecode.c.c; path = csmglue.c; sourceTree = "<group>"; };
		55089F4D1E8996B500B9570B /* csmglue.h */ = {isa = PBXFileReference; fileEncoding = 4; lastKnownFileType = sourcecode.c.h; path = csmglue.h; sourceTree = "<group>"; };
		55244B1B1E9F9DC0006F546E /* csmeuler_laringmv.c */ = {isa = PBXFileReference; fileEncoding = 4; lastKnownFileType = sourcecode.c.c; path = csmeuler_laringmv.c; sourceTree = "<group>"; };
		55244B1C1E9F9DC0006F546E /* csmeuler_laringmv.inl */ = {isa = PBXFileReference; fileEncoding = 4; lastKnownFileType = text; path = csmeuler_laringmv.inl; sourceTree = "<group>"; };
		55244B221EA0255A006F546E /* csmtransform.c */ = {isa = PBXFileReference; fileEncoding = 4; lastKnownFileType = sourcecode.c.c; path = csmtransform.c; sourceTree = "<group>"; };
		55244B231EA0255A006F546E /* csmtransform.inl */ = {isa = PBXFileReference; fileEncoding = 4; lastKnownFileType = text; path = csmtransform.inl; sourceTree = "<group>"; };
		55244B261EA02A68006F546E /* csmsolid.h */ = {isa = PBXFileReference; lastKnownFileType = sourcecode.c.h; path = csmsolid.h; sourceTree = "<group>"; };
		55244B281EAA57C4006F546E /* csmsplit.c */ = {isa = PBXFileReference; explicitFileType = sourcecode.c.objc; fileEncoding = 4; path = csmsplit.c; sourceTree = "<group>"; };
		55244B291EAA57C4006F546E /* csmsplit.h */ = {isa = PBXFileReference; fileEncoding = 4; lastKnownFileType = sourcecode.c.h; path = csmsplit.h; sourceTree = "<group>"; };
		5532DDB61E8FFE810047B9DF /* csmloopglue.c */ = {isa = PBXFileReference; fileEncoding = 4; lastKnownFileType = sourcecode.c.c; path = csmloopglue.c; sourceTree = "<group>"; };
		5532DDB71E8FFE810047B9DF /* csmloopglue.inl */ = {isa = PBXFileReference; fileEncoding = 4; lastKnownFileType = text; path = csmloopglue.inl; sourceTree = "<group>"; };
		5532DDBD1E9001390047B9DF /* csmtolerance.c */ = {isa = PBXFileReference; fileEncoding = 4; lastKnownFileType = sourcecode.c.c; path = csmtolerance.c; sourceTree = "<group>"; };
		5532DDBE1E9001390047B9DF /* csmtolerance.inl */ = {isa = PBXFileReference; fileEncoding = 4; lastKnownFileType = text; path = csmtolerance.inl; sourceTree = "<group>"; };
		55354A3F1E9AE121007B0692 /* standarc.h */ = {isa = PBXFileReference; lastKnownFileType = sourcecode.c.h; path = standarc.h; sourceTree = "<group>"; };
		55354A431E9AE595007B0692 /* csmmath.tli */ = {isa = PBXFileReference; fileEncoding = 4; lastKnownFileType = text; path = csmmath.tli; sourceTree = "<group>"; };
		5570129E1E8328E400DFC490 /* csmsweep.c */ = {isa = PBXFileReference; explicitFileType = sourcecode.c.objc; fileEncoding = 4; path = csmsweep.c; sourceTree = "<group>"; };
		5570129F1E8328E400DFC490 /* csmsweep.h */ = {isa = PBXFileReference; fileEncoding = 4; lastKnownFileType = sourcecode.c.h; path = csmsweep.h; sourceTree = "<group>"; };
		557012A21E832A2F00DFC490 /* cont2d.h */ = {isa = PBXFileReference; fileEncoding = 4; lastKnownFileType = sourcecode.c.h; path = cont2d.h; sourceTree = "<group>"; };
		557012AE1E832A5900DFC490 /* geomcomp.xcodeproj */ = {isa = PBXFileReference; lastKnownFileType = "wrapper.pb-project"; name = geomcomp.xcodeproj; path = /Users/manueru/Desarrollo/proyectos/xDesignC/cypearrays/../geomcomp/geomcomp.xcodeproj; sourceTree = "<absolute>"; };
		557012BA1E832F0300DFC490 /* csmgeom.c */ = {isa = PBXFileReference; explicitFileType = sourcecode.c.objc; fileEncoding = 4; path = csmgeom.c; sourceTree = "<group>"; };
		557012BB1E832F0300DFC490 /* csmgeom.inl */ = {isa = PBXFileReference; fileEncoding = 4; lastKnownFileType = text; path = csmgeom.inl; sourceTree = "<group>"; };
		557012BE1E832F9600DFC490 /* csmmath.c */ = {isa = PBXFileReference; explicitFileType = sourcecode.c.objc; fileEncoding = 4; path = csmmath.c; sourceTree = "<group>"; };
		557012BF1E832F9600DFC490 /* csmmath.inl */ = {isa = PBXFileReference; fileEncoding = 4; lastKnownFileType = text; path = csmmath.inl; sourceTree = "<group>"; };
		557954581E5DB074000FC91E /* cysolidmodeling.framework */ = {isa = PBXFileReference; explicitFileType = wrapper.framework; includeInIndex = 0; path = cysolidmodeling.framework; sourceTree = BUILT_PRODUCTS_DIR; };
		5579545B1E5DB074000FC91E /* cysolidmodeling.h */ = {isa = PBXFileReference; lastKnownFileType = sourcecode.c.h; path = cysolidmodeling.h; sourceTree = "<group>"; };
		5579545C1E5DB074000FC91E /* Info.plist */ = {isa = PBXFileReference; lastKnownFileType = text.plist.xml; path = Info.plist; sourceTree = "<group>"; };
		557954631E5DB0A8000FC91E /* cyassert.h */ = {isa = PBXFileReference; fileEncoding = 4; lastKnownFileType = sourcecode.c.h; path = cyassert.h; sourceTree = "<group>"; };
		557954641E5DB0A8000FC91E /* cyassert.c */ = {isa = PBXFileReference; fileEncoding = 4; lastKnownFileType = sourcecode.c.c; path = cyassert.c; sourceTree = "<group>"; };
		557954651E5DB0A8000FC91E /* cypespy.h */ = {isa = PBXFileReference; fileEncoding = 4; lastKnownFileType = sourcecode.c.h; path = cypespy.h; sourceTree = "<group>"; };
		557954661E5DB0A8000FC91E /* cypespy.c */ = {isa = PBXFileReference; fileEncoding = 4; lastKnownFileType = sourcecode.c.c; path = cypespy.c; sourceTree = "<group>"; };
		5579546D1E5DB24E000FC91E /* csmvertex.c */ = {isa = PBXFileReference; fileEncoding = 4; lastKnownFileType = sourcecode.c.c; path = csmvertex.c; sourceTree = "<group>"; };
		5579546E1E5DB24E000FC91E /* csmvertex.inl */ = {isa = PBXFileReference; fileEncoding = 4; lastKnownFileType = text; path = csmvertex.inl; sourceTree = "<group>"; };
		557954711E5DB275000FC91E /* csmfwddecl.hxx */ = {isa = PBXFileReference; fileEncoding = 4; lastKnownFileType = sourcecode.cpp.h; path = csmfwddecl.hxx; sourceTree = "<group>"; };
		557954751E5E0694000FC91E /* cypeid.c */ = {isa = PBXFileReference; fileEncoding = 4; lastKnownFileType = sourcecode.c.c; path = cypeid.c; sourceTree = "<group>"; };
		557954761E5E0694000FC91E /* cypeid.h */ = {isa = PBXFileReference; fileEncoding = 4; lastKnownFileType = sourcecode.c.h; path = cypeid.h; sourceTree = "<group>"; };
		5579547B1E5E1403000FC91E /* csmhedge.c */ = {isa = PBXFileReference; fileEncoding = 4; lastKnownFileType = sourcecode.c.c; path = csmhedge.c; sourceTree = "<group>"; };
		5579547C1E5E1403000FC91E /* csmhedge.inl */ = {isa = PBXFileReference; fileEncoding = 4; lastKnownFileType = text; path = csmhedge.inl; sourceTree = "<group>"; };
		5579547F1E5E1AA9000FC91E /* csmnode.c */ = {isa = PBXFileReference; fileEncoding = 4; lastKnownFileType = sourcecode.c.c; path = csmnode.c; sourceTree = "<group>"; };
		557954801E5E1AA9000FC91E /* csmnode.inl */ = {isa = PBXFileReference; fileEncoding = 4; lastKnownFileType = text; path = csmnode.inl; sourceTree = "<group>"; };
		557954831E5E1AE9000FC91E /* csmnode.hxx */ = {isa = PBXFileReference; explicitFileType = sourcecode.c.h; fileEncoding = 4; path = csmnode.hxx; sourceTree = "<group>"; };
		557954851E5E2DCB000FC91E /* cypestr.c */ = {isa = PBXFileReference; fileEncoding = 4; lastKnownFileType = sourcecode.c.c; path = cypestr.c; sourceTree = "<group>"; };
		557954861E5E2DCB000FC91E /* cypestr.h */ = {isa = PBXFileReference; fileEncoding = 4; lastKnownFileType = sourcecode.c.h; path = cypestr.h; sourceTree = "<group>"; };
		5579548A1E5E41C1000FC91E /* csmedge.c */ = {isa = PBXFileReference; fileEncoding = 4; lastKnownFileType = sourcecode.c.c; path = csmedge.c; sourceTree = "<group>"; };
		5579548B1E5E41C1000FC91E /* csmedge.inl */ = {isa = PBXFileReference; fileEncoding = 4; lastKnownFileType = text; path = csmedge.inl; sourceTree = "<group>"; };
		5579548E1E5E42BB000FC91E /* csmedge.tli */ = {isa = PBXFileReference; lastKnownFileType = text; path = csmedge.tli; sourceTree = "<group>"; };
		5579548F1E5E446C000FC91E /* csmloop.c */ = {isa = PBXFileReference; fileEncoding = 4; lastKnownFileType = sourcecode.c.c; path = csmloop.c; sourceTree = "<group>"; };
		557954901E5E446C000FC91E /* csmloop.inl */ = {isa = PBXFileReference; fileEncoding = 4; lastKnownFileType = text; path = csmloop.inl; sourceTree = "<group>"; };
		557954931E5E4742000FC91E /* csmface.c */ = {isa = PBXFileReference; fileEncoding = 4; lastKnownFileType = sourcecode.c.c; path = csmface.c; sourceTree = "<group>"; };
		557954941E5E4742000FC91E /* csmface.inl */ = {isa = PBXFileReference; fileEncoding = 4; lastKnownFileType = text; path = csmface.inl; sourceTree = "<group>"; };
		557954971E5E4811000FC91E /* csmbbox.c */ = {isa = PBXFileReference; fileEncoding = 4; lastKnownFileType = sourcecode.c.c; path = csmbbox.c; sourceTree = "<group>"; };
		557954981E5E4811000FC91E /* csmbbox.inl */ = {isa = PBXFileReference; fileEncoding = 4; lastKnownFileType = text; path = csmbbox.inl; sourceTree = "<group>"; };
		5579549C1E5E4967000FC91E /* defmath.tlh */ = {isa = PBXFileReference; lastKnownFileType = text; path = defmath.tlh; sourceTree = "<group>"; };
		5579549D1E5F942E000FC91E /* csmsolid.c */ = {isa = PBXFileReference; fileEncoding = 4; lastKnownFileType = sourcecode.c.c; path = csmsolid.c; sourceTree = "<group>"; };
		5579549E1E5F942E000FC91E /* csmsolid.inl */ = {isa = PBXFileReference; fileEncoding = 4; lastKnownFileType = text; path = csmsolid.inl; sourceTree = "<group>"; };
		557954A11E60D064000FC91E /* csmsolid.tli */ = {isa = PBXFileReference; fileEncoding = 4; lastKnownFileType = text; path = csmsolid.tli; sourceTree = "<group>"; };
		557954A31E60D0EF000FC91E /* csmeuler_mvfs.c */ = {isa = PBXFileReference; fileEncoding = 4; lastKnownFileType = sourcecode.c.c; path = csmeuler_mvfs.c; sourceTree = "<group>"; };
		557954A41E60D0EF000FC91E /* csmeuler_mvfs.inl */ = {isa = PBXFileReference; fileEncoding = 4; lastKnownFileType = text; path = csmeuler_mvfs.inl; sourceTree = "<group>"; };
/* End PBXFileReference section */

/* Begin PBXFrameworksBuildPhase section */
		557954541E5DB074000FC91E /* Frameworks */ = {
			isa = PBXFrameworksBuildPhase;
			buildActionMask = 2147483647;
			files = (
				557012B91E832A7800DFC490 /* geomcomp.framework in Frameworks */,
				5507A6EE1E7B40C1008B9F73 /* Foundation.framework in Frameworks */,
				5507A6EC1E7B40BA008B9F73 /* Cocoa.framework in Frameworks */,
				5507A6E91E7B40B4008B9F73 /* basicSystem.framework in Frameworks */,
				5507A6EA1E7B40B4008B9F73 /* cypearrays.framework in Frameworks */,
			);
			runOnlyForDeploymentPostprocessing = 0;
		};
/* End PBXFrameworksBuildPhase section */

/* Begin PBXGroup section */
		5507A6261E6B8721008B9F73 /* Test */ = {
			isa = PBXGroup;
			children = (
				5507A6231E6B8714008B9F73 /* csmtest.h */,
				5507A6221E6B8714008B9F73 /* csmtest.c */,
			);
			name = Test;
			sourceTree = "<group>";
		};
		5507A6441E701EC5008B9F73 /* Frameworks */ = {
			isa = PBXGroup;
			children = (
				5507A6ED1E7B40C1008B9F73 /* Foundation.framework */,
				5507A6EB1E7B40BA008B9F73 /* Cocoa.framework */,
			);
			name = Frameworks;
			sourceTree = "<group>";
		};
		5507A6CF1E7B400D008B9F73 /* Products */ = {
			isa = PBXGroup;
			children = (
				5507A6D41E7B400D008B9F73 /* cypearrays.framework */,
				5507A6D61E7B400D008B9F73 /* cypearraysTests.xctest */,
			);
			name = Products;
			sourceTree = "<group>";
		};
		5507A6D81E7B4011008B9F73 /* Products */ = {
			isa = PBXGroup;
			children = (
				5507A6DD1E7B4012008B9F73 /* basicSystem.framework */,
				5507A6DF1E7B4012008B9F73 /* basicSystemTests.xctest */,
			);
			name = Products;
			sourceTree = "<group>";
		};
		5507A6FC1E7B51B0008B9F73 /* Hash Table */ = {
			isa = PBXGroup;
			children = (
				5507A6FA1E7B47CB008B9F73 /* csmuthash.hxx */,
				5507A6F11E7B450C008B9F73 /* csmhashtb.hxx */,
				5507A6F41E7B451E008B9F73 /* csmhashtb.inl */,
				5507A6F01E7B450C008B9F73 /* csmhashtb.c */,
			);
			name = "Hash Table";
			sourceTree = "<group>";
		};
		5570129B1E83286400DFC490 /* Algorithms */ = {
			isa = PBXGroup;
			children = (
				5570129F1E8328E400DFC490 /* csmsweep.h */,
				5570129E1E8328E400DFC490 /* csmsweep.c */,
				55089F4D1E8996B500B9570B /* csmglue.h */,
				55089F4C1E8996B500B9570B /* csmglue.c */,
				55244B291EAA57C4006F546E /* csmsplit.h */,
				55244B281EAA57C4006F546E /* csmsplit.c */,
				5532DDB71E8FFE810047B9DF /* csmloopglue.inl */,
				5532DDB61E8FFE810047B9DF /* csmloopglue.c */,
			);
			name = Algorithms;
			sourceTree = "<group>";
		};
		557012AF1E832A5900DFC490 /* Products */ = {
			isa = PBXGroup;
			children = (
				557012B41E832A5900DFC490 /* geomcomp.framework */,
				557012B61E832A5900DFC490 /* geomcompTests.xctest */,
			);
			name = Products;
			sourceTree = "<group>";
		};
		5579544E1E5DB074000FC91E = {
			isa = PBXGroup;
			children = (
				5507A6D71E7B4011008B9F73 /* basicSystem.xcodeproj */,
				557012AE1E832A5900DFC490 /* geomcomp.xcodeproj */,
				5507A6CE1E7B400D008B9F73 /* cypearrays.xcodeproj */,
				5579545A1E5DB074000FC91E /* cysolidmodeling */,
				557954591E5DB074000FC91E /* Products */,
				5507A6441E701EC5008B9F73 /* Frameworks */,
			);
			sourceTree = "<group>";
		};
		557954591E5DB074000FC91E /* Products */ = {
			isa = PBXGroup;
			children = (
				557954581E5DB074000FC91E /* cysolidmodeling.framework */,
			);
			name = Products;
			sourceTree = "<group>";
		};
		5579545A1E5DB074000FC91E /* cysolidmodeling */ = {
			isa = PBXGroup;
			children = (
				5579545B1E5DB074000FC91E /* cysolidmodeling.h */,
				5579545C1E5DB074000FC91E /* Info.plist */,
				557954711E5DB275000FC91E /* csmfwddecl.hxx */,
				5579546B1E5DB209000FC91E /* Cype Wrapper */,
				5579549B1E5E4823000FC91E /* Utility */,
				5570129B1E83286400DFC490 /* Algorithms */,
				557954A71E60D0F7000FC91E /* Low Level Euler Operators */,
				557954891E5E41A0000FC91E /* Half-Edge Data Structure */,
				5507A6261E6B8721008B9F73 /* Test */,
			);
			path = cysolidmodeling;
			sourceTree = "<group>";
		};
		5579546B1E5DB209000FC91E /* Cype Wrapper */ = {
			isa = PBXGroup;
			children = (
				557954631E5DB0A8000FC91E /* cyassert.h */,
				557954641E5DB0A8000FC91E /* cyassert.c */,
				557954651E5DB0A8000FC91E /* cypespy.h */,
				557954661E5DB0A8000FC91E /* cypespy.c */,
				557954761E5E0694000FC91E /* cypeid.h */,
				557954751E5E0694000FC91E /* cypeid.c */,
				557954861E5E2DCB000FC91E /* cypestr.h */,
				557954851E5E2DCB000FC91E /* cypestr.c */,
				5579549C1E5E4967000FC91E /* defmath.tlh */,
				5507A6E01E7B402D008B9F73 /* a_punter.h */,
				5507A6E11E7B405D008B9F73 /* a_pto3d.h */,
				5507A6E31E7B4077008B9F73 /* a_pto2d.h */,
				557012A21E832A2F00DFC490 /* cont2d.h */,
				55354A3F1E9AE121007B0692 /* standarc.h */,
			);
			name = "Cype Wrapper";
			sourceTree = "<group>";
		};
		557954891E5E41A0000FC91E /* Half-Edge Data Structure */ = {
			isa = PBXGroup;
			children = (
				557954801E5E1AA9000FC91E /* csmnode.inl */,
				557954831E5E1AE9000FC91E /* csmnode.hxx */,
				5579547F1E5E1AA9000FC91E /* csmnode.c */,
				5579546E1E5DB24E000FC91E /* csmvertex.inl */,
				5579546D1E5DB24E000FC91E /* csmvertex.c */,
				5579547C1E5E1403000FC91E /* csmhedge.inl */,
				5579547B1E5E1403000FC91E /* csmhedge.c */,
				5579548B1E5E41C1000FC91E /* csmedge.inl */,
				5579548A1E5E41C1000FC91E /* csmedge.c */,
				5579548E1E5E42BB000FC91E /* csmedge.tli */,
				557954901E5E446C000FC91E /* csmloop.inl */,
				5579548F1E5E446C000FC91E /* csmloop.c */,
				557954941E5E4742000FC91E /* csmface.inl */,
				557954931E5E4742000FC91E /* csmface.c */,
				5579549E1E5F942E000FC91E /* csmsolid.inl */,
				55244B261EA02A68006F546E /* csmsolid.h */,
				5579549D1E5F942E000FC91E /* csmsolid.c */,
				557954A11E60D064000FC91E /* csmsolid.tli */,
			);
			name = "Half-Edge Data Structure";
			sourceTree = "<group>";
		};
		5579549B1E5E4823000FC91E /* Utility */ = {
			isa = PBXGroup;
			children = (
				5507A6FC1E7B51B0008B9F73 /* Hash Table */,
				557954981E5E4811000FC91E /* csmbbox.inl */,
				557954971E5E4811000FC91E /* csmbbox.c */,
				557012BF1E832F9600DFC490 /* csmmath.inl */,
				557012BE1E832F9600DFC490 /* csmmath.c */,
				55354A431E9AE595007B0692 /* csmmath.tli */,
				557012BB1E832F0300DFC490 /* csmgeom.inl */,
				557012BA1E832F0300DFC490 /* csmgeom.c */,
				5532DDBE1E9001390047B9DF /* csmtolerance.inl */,
				5532DDBD1E9001390047B9DF /* csmtolerance.c */,
				55244B231EA0255A006F546E /* csmtransform.inl */,
				55244B221EA0255A006F546E /* csmtransform.c */,
			);
			name = Utility;
			sourceTree = "<group>";
		};
		557954A71E60D0F7000FC91E /* Low Level Euler Operators */ = {
			isa = PBXGroup;
			children = (
				5507A5C51E6624E7008B9F73 /* csmopbas.inl */,
				5507A5C41E6624E7008B9F73 /* csmopbas.c */,
				557954A41E60D0EF000FC91E /* csmeuler_mvfs.inl */,
				557954A31E60D0EF000FC91E /* csmeuler_mvfs.c */,
				5507A64F1E705618008B9F73 /* csmeuler_kvfs.inl */,
				5507A64E1E705618008B9F73 /* csmeuler_kvfs.c */,
				5507A5C91E662758008B9F73 /* csmeuler_lmev.inl */,
				5507A5C81E662758008B9F73 /* csmeuler_lmev.c */,
				5507A61F1E6B744A008B9F73 /* csmeuler_lkev.inl */,
				5507A64C1E70372E008B9F73 /* csmeuler_lkev.c */,
				5507A6281E700F7C008B9F73 /* csmeuler_lmef.inl */,
				5507A6271E700F7C008B9F73 /* csmeuler_lmef.c */,
				5507A62C1E701441008B9F73 /* csmeuler_lkef.inl */,
				5507A62B1E701441008B9F73 /* csmeuler_lkef.c */,
				5507A6771E7341CD008B9F73 /* csmeuler_lkemr.inl */,
				5507A6761E7341CD008B9F73 /* csmeuler_lkemr.c */,
				5507A67B1E73484D008B9F73 /* csmeuler_lmekr.inl */,
				5507A67A1E73484D008B9F73 /* csmeuler_lmekr.c */,
				5507A67F1E7362EF008B9F73 /* csmeuler_lkfmrh.inl */,
				5507A67E1E7362EF008B9F73 /* csmeuler_lkfmrh.c */,
				5507A6831E736565008B9F73 /* csmeuler_lmfkrh.inl */,
				5507A6821E736565008B9F73 /* csmeuler_lmfkrh.c */,
				5507A6871E736714008B9F73 /* csmeuler_lringmv.inl */,
				5507A6861E736714008B9F73 /* csmeuler_lringmv.c */,
				55244B1C1E9F9DC0006F546E /* csmeuler_laringmv.inl */,
				55244B1B1E9F9DC0006F546E /* csmeuler_laringmv.c */,
			);
			name = "Low Level Euler Operators";
			sourceTree = "<group>";
		};
/* End PBXGroup section */

/* Begin PBXHeadersBuildPhase section */
		557954551E5DB074000FC91E /* Headers */ = {
			isa = PBXHeadersBuildPhase;
			buildActionMask = 2147483647;
			files = (
				5579545D1E5DB074000FC91E /* cysolidmodeling.h in Headers */,
				5507A6811E7362EF008B9F73 /* csmeuler_lkfmrh.inl in Headers */,
				5507A62A1E700F7C008B9F73 /* csmeuler_lmef.inl in Headers */,
				5507A6251E6B8714008B9F73 /* csmtest.h in Headers */,
				55244B2B1EAA57C4006F546E /* csmsplit.h in Headers */,
				5579548D1E5E41C1000FC91E /* csmedge.inl in Headers */,
				557012C11E832F9600DFC490 /* csmmath.inl in Headers */,
				55244B1E1E9F9DC0006F546E /* csmeuler_laringmv.inl in Headers */,
				557954881E5E2DCB000FC91E /* cypestr.h in Headers */,
				557954921E5E446C000FC91E /* csmloop.inl in Headers */,
				557012A11E8328E400DFC490 /* csmsweep.h in Headers */,
				5507A62E1E701441008B9F73 /* csmeuler_lkef.inl in Headers */,
				5507A5CB1E662758008B9F73 /* csmeuler_lmev.inl in Headers */,
				5507A6791E7341CD008B9F73 /* csmeuler_lkemr.inl in Headers */,
				55244B251EA0255A006F546E /* csmtransform.inl in Headers */,
				55354A441E9AE595007B0692 /* csmmath.tli in Headers */,
				5532DDC01E9001390047B9DF /* csmtolerance.inl in Headers */,
				5507A6891E736714008B9F73 /* csmeuler_lringmv.inl in Headers */,
				5507A6851E736565008B9F73 /* csmeuler_lmfkrh.inl in Headers */,
				5507A6EF1E7B42C8008B9F73 /* a_punter.h in Headers */,
				5507A6511E705618008B9F73 /* csmeuler_kvfs.inl in Headers */,
				557954821E5E1AA9000FC91E /* csmnode.inl in Headers */,
				557954A61E60D0EF000FC91E /* csmeuler_mvfs.inl in Headers */,
				557954A01E5F942E000FC91E /* csmsolid.inl in Headers */,
				557012BD1E832F0300DFC490 /* csmgeom.inl in Headers */,
				557954A21E60D064000FC91E /* csmsolid.tli in Headers */,
				557954781E5E0694000FC91E /* cypeid.h in Headers */,
				5507A5C71E6624E7008B9F73 /* csmopbas.inl in Headers */,
				5507A67D1E73484D008B9F73 /* csmeuler_lmekr.inl in Headers */,
				557954961E5E4742000FC91E /* csmface.inl in Headers */,
				557954841E5E1AE9000FC91E /* csmnode.hxx in Headers */,
				5507A6211E6B744A008B9F73 /* csmeuler_lkev.inl in Headers */,
				557012A31E832A2F00DFC490 /* cont2d.h in Headers */,
				5507A6E41E7B4077008B9F73 /* a_pto2d.h in Headers */,
				5532DDB91E8FFE810047B9DF /* csmloopglue.inl in Headers */,
				55244B271EA02AED006F546E /* csmsolid.h in Headers */,
				55089F4F1E8996B500B9570B /* csmglue.h in Headers */,
				5507A6F31E7B450C008B9F73 /* csmhashtb.hxx in Headers */,
				5579547E1E5E1403000FC91E /* csmhedge.inl in Headers */,
				5507A6FB1E7B47CB008B9F73 /* csmuthash.hxx in Headers */,
				557954701E5DB24E000FC91E /* csmvertex.inl in Headers */,
				5507A6E21E7B405D008B9F73 /* a_pto3d.h in Headers */,
				5579549A1E5E4811000FC91E /* csmbbox.inl in Headers */,
				5507A6F51E7B451E008B9F73 /* csmhashtb.inl in Headers */,
				557954721E5DB275000FC91E /* csmfwddecl.hxx in Headers */,
			);
			runOnlyForDeploymentPostprocessing = 0;
		};
/* End PBXHeadersBuildPhase section */

/* Begin PBXNativeTarget section */
		557954571E5DB074000FC91E /* cysolidmodeling */ = {
			isa = PBXNativeTarget;
			buildConfigurationList = 557954601E5DB074000FC91E /* Build configuration list for PBXNativeTarget "cysolidmodeling" */;
			buildPhases = (
				557954531E5DB074000FC91E /* Sources */,
				557954541E5DB074000FC91E /* Frameworks */,
				557954551E5DB074000FC91E /* Headers */,
				557954561E5DB074000FC91E /* Resources */,
			);
			buildRules = (
			);
			dependencies = (
				557012B81E832A6F00DFC490 /* PBXTargetDependency */,
				5507A6E61E7B40AA008B9F73 /* PBXTargetDependency */,
				5507A6E81E7B40AA008B9F73 /* PBXTargetDependency */,
			);
			name = cysolidmodeling;
			productName = cysolidmodeling;
			productReference = 557954581E5DB074000FC91E /* cysolidmodeling.framework */;
			productType = "com.apple.product-type.framework";
		};
/* End PBXNativeTarget section */

/* Begin PBXProject section */
		5579544F1E5DB074000FC91E /* Project object */ = {
			isa = PBXProject;
			attributes = {
				LastUpgradeCheck = 0810;
				ORGANIZATIONNAME = "Manuel Fernández";
				TargetAttributes = {
					557954571E5DB074000FC91E = {
						CreatedOnToolsVersion = 8.1;
						ProvisioningStyle = Automatic;
					};
				};
			};
			buildConfigurationList = 557954521E5DB074000FC91E /* Build configuration list for PBXProject "cysolidmodeling" */;
			compatibilityVersion = "Xcode 3.2";
			developmentRegion = English;
			hasScannedForEncodings = 0;
			knownRegions = (
				en,
			);
			mainGroup = 5579544E1E5DB074000FC91E;
			productRefGroup = 557954591E5DB074000FC91E /* Products */;
			projectDirPath = "";
			projectReferences = (
				{
					ProductGroup = 5507A6D81E7B4011008B9F73 /* Products */;
					ProjectRef = 5507A6D71E7B4011008B9F73 /* basicSystem.xcodeproj */;
				},
				{
					ProductGroup = 5507A6CF1E7B400D008B9F73 /* Products */;
					ProjectRef = 5507A6CE1E7B400D008B9F73 /* cypearrays.xcodeproj */;
				},
				{
					ProductGroup = 557012AF1E832A5900DFC490 /* Products */;
					ProjectRef = 557012AE1E832A5900DFC490 /* geomcomp.xcodeproj */;
				},
			);
			projectRoot = "";
			targets = (
				557954571E5DB074000FC91E /* cysolidmodeling */,
			);
		};
/* End PBXProject section */

/* Begin PBXReferenceProxy section */
		5507A6D41E7B400D008B9F73 /* cypearrays.framework */ = {
			isa = PBXReferenceProxy;
			fileType = wrapper.framework;
			path = cypearrays.framework;
			remoteRef = 5507A6D31E7B400D008B9F73 /* PBXContainerItemProxy */;
			sourceTree = BUILT_PRODUCTS_DIR;
		};
		5507A6D61E7B400D008B9F73 /* cypearraysTests.xctest */ = {
			isa = PBXReferenceProxy;
			fileType = wrapper.cfbundle;
			path = cypearraysTests.xctest;
			remoteRef = 5507A6D51E7B400D008B9F73 /* PBXContainerItemProxy */;
			sourceTree = BUILT_PRODUCTS_DIR;
		};
		5507A6DD1E7B4012008B9F73 /* basicSystem.framework */ = {
			isa = PBXReferenceProxy;
			fileType = wrapper.framework;
			path = basicSystem.framework;
			remoteRef = 5507A6DC1E7B4012008B9F73 /* PBXContainerItemProxy */;
			sourceTree = BUILT_PRODUCTS_DIR;
		};
		5507A6DF1E7B4012008B9F73 /* basicSystemTests.xctest */ = {
			isa = PBXReferenceProxy;
			fileType = wrapper.cfbundle;
			path = basicSystemTests.xctest;
			remoteRef = 5507A6DE1E7B4012008B9F73 /* PBXContainerItemProxy */;
			sourceTree = BUILT_PRODUCTS_DIR;
		};
		557012B41E832A5900DFC490 /* geomcomp.framework */ = {
			isa = PBXReferenceProxy;
			fileType = wrapper.framework;
			path = geomcomp.framework;
			remoteRef = 557012B31E832A5900DFC490 /* PBXContainerItemProxy */;
			sourceTree = BUILT_PRODUCTS_DIR;
		};
		557012B61E832A5900DFC490 /* geomcompTests.xctest */ = {
			isa = PBXReferenceProxy;
			fileType = wrapper.cfbundle;
			path = geomcompTests.xctest;
			remoteRef = 557012B51E832A5900DFC490 /* PBXContainerItemProxy */;
			sourceTree = BUILT_PRODUCTS_DIR;
		};
/* End PBXReferenceProxy section */

/* Begin PBXResourcesBuildPhase section */
		557954561E5DB074000FC91E /* Resources */ = {
			isa = PBXResourcesBuildPhase;
			buildActionMask = 2147483647;
			files = (
				5507A6741E706175008B9F73 /* csmtest.h in Resources */,
				5507A6731E70610D008B9F73 /* cysolidmodeling.h in Resources */,
				557954691E5DB0A8000FC91E /* cypespy.h in Resources */,
				557954671E5DB0A8000FC91E /* cyassert.h in Resources */,
			);
			runOnlyForDeploymentPostprocessing = 0;
		};
/* End PBXResourcesBuildPhase section */

/* Begin PBXSourcesBuildPhase section */
		557954531E5DB074000FC91E /* Sources */ = {
			isa = PBXSourcesBuildPhase;
			buildActionMask = 2147483647;
			files = (
				55089F4E1E8996B500B9570B /* csmglue.c in Sources */,
				557012C01E832F9600DFC490 /* csmmath.c in Sources */,
				557954951E5E4742000FC91E /* csmface.c in Sources */,
				5507A6291E700F7C008B9F73 /* csmeuler_lmef.c in Sources */,
				55244B2A1EAA57C4006F546E /* csmsplit.c in Sources */,
				5507A62D1E701441008B9F73 /* csmeuler_lkef.c in Sources */,
				5507A5CA1E662758008B9F73 /* csmeuler_lmev.c in Sources */,
				5507A6241E6B8714008B9F73 /* csmtest.c in Sources */,
				5507A6841E736565008B9F73 /* csmeuler_lmfkrh.c in Sources */,
				557954A51E60D0EF000FC91E /* csmeuler_mvfs.c in Sources */,
				557954911E5E446C000FC91E /* csmloop.c in Sources */,
				5507A5C61E6624E7008B9F73 /* csmopbas.c in Sources */,
				5507A6781E7341CD008B9F73 /* csmeuler_lkemr.c in Sources */,
				557012A01E8328E400DFC490 /* csmsweep.c in Sources */,
				5579546A1E5DB0A8000FC91E /* cypespy.c in Sources */,
				5532DDB81E8FFE810047B9DF /* csmloopglue.c in Sources */,
				5579546F1E5DB24E000FC91E /* csmvertex.c in Sources */,
				557012BC1E832F0300DFC490 /* csmgeom.c in Sources */,
				5507A6881E736714008B9F73 /* csmeuler_lringmv.c in Sources */,
				55244B241EA0255A006F546E /* csmtransform.c in Sources */,
				5579548C1E5E41C1000FC91E /* csmedge.c in Sources */,
				557954681E5DB0A8000FC91E /* cyassert.c in Sources */,
				557954991E5E4811000FC91E /* csmbbox.c in Sources */,
				55244B1D1E9F9DC0006F546E /* csmeuler_laringmv.c in Sources */,
				5507A6501E705618008B9F73 /* csmeuler_kvfs.c in Sources */,
				557954871E5E2DCB000FC91E /* cypestr.c in Sources */,
				557954811E5E1AA9000FC91E /* csmnode.c in Sources */,
				5507A6F21E7B450C008B9F73 /* csmhashtb.c in Sources */,
				5507A67C1E73484D008B9F73 /* csmeuler_lmekr.c in Sources */,
				5507A6801E7362EF008B9F73 /* csmeuler_lkfmrh.c in Sources */,
				5579549F1E5F942E000FC91E /* csmsolid.c in Sources */,
				5507A64D1E70372E008B9F73 /* csmeuler_lkev.c in Sources */,
				557954771E5E0694000FC91E /* cypeid.c in Sources */,
				5579547D1E5E1403000FC91E /* csmhedge.c in Sources */,
				5532DDBF1E9001390047B9DF /* csmtolerance.c in Sources */,
			);
			runOnlyForDeploymentPostprocessing = 0;
		};
/* End PBXSourcesBuildPhase section */

/* Begin PBXTargetDependency section */
		5507A6E61E7B40AA008B9F73 /* PBXTargetDependency */ = {
			isa = PBXTargetDependency;
			name = basicSystem;
			targetProxy = 5507A6E51E7B40AA008B9F73 /* PBXContainerItemProxy */;
		};
		5507A6E81E7B40AA008B9F73 /* PBXTargetDependency */ = {
			isa = PBXTargetDependency;
			name = cypearrays;
			targetProxy = 5507A6E71E7B40AA008B9F73 /* PBXContainerItemProxy */;
		};
		557012B81E832A6F00DFC490 /* PBXTargetDependency */ = {
			isa = PBXTargetDependency;
			name = geomcomp;
			targetProxy = 557012B71E832A6F00DFC490 /* PBXContainerItemProxy */;
		};
/* End PBXTargetDependency section */

/* Begin XCBuildConfiguration section */
		5579545E1E5DB074000FC91E /* Debug */ = {
			isa = XCBuildConfiguration;
			buildSettings = {
				ALWAYS_SEARCH_USER_PATHS = NO;
				CLANG_ANALYZER_NONNULL = YES;
				CLANG_CXX_LANGUAGE_STANDARD = "gnu++0x";
				CLANG_CXX_LIBRARY = "libc++";
				CLANG_ENABLE_MODULES = YES;
				CLANG_ENABLE_OBJC_ARC = YES;
				CLANG_WARN_BOOL_CONVERSION = YES;
				CLANG_WARN_CONSTANT_CONVERSION = YES;
				CLANG_WARN_DIRECT_OBJC_ISA_USAGE = YES_ERROR;
				CLANG_WARN_DOCUMENTATION_COMMENTS = YES;
				CLANG_WARN_EMPTY_BODY = YES;
				CLANG_WARN_ENUM_CONVERSION = YES;
				CLANG_WARN_INFINITE_RECURSION = YES;
				CLANG_WARN_INT_CONVERSION = YES;
				CLANG_WARN_OBJC_ROOT_CLASS = YES_ERROR;
				CLANG_WARN_SUSPICIOUS_MOVE = YES;
				CLANG_WARN_SUSPICIOUS_MOVES = YES;
				CLANG_WARN_UNREACHABLE_CODE = YES;
				CLANG_WARN__DUPLICATE_METHOD_MATCH = YES;
				CODE_SIGN_IDENTITY = "-";
				COPY_PHASE_STRIP = NO;
				CURRENT_PROJECT_VERSION = 1;
				DEBUG_INFORMATION_FORMAT = dwarf;
				ENABLE_STRICT_OBJC_MSGSEND = YES;
				ENABLE_TESTABILITY = YES;
				GCC_C_LANGUAGE_STANDARD = gnu99;
				GCC_DYNAMIC_NO_PIC = NO;
				GCC_NO_COMMON_BLOCKS = YES;
				GCC_OPTIMIZATION_LEVEL = 0;
				GCC_PREPROCESSOR_DEFINITIONS = (
					"DEBUG=1",
					"$(inherited)",
				);
				GCC_WARN_64_TO_32_BIT_CONVERSION = YES;
				GCC_WARN_ABOUT_RETURN_TYPE = YES_ERROR;
				GCC_WARN_UNDECLARED_SELECTOR = YES;
				GCC_WARN_UNINITIALIZED_AUTOS = YES_AGGRESSIVE;
				GCC_WARN_UNUSED_FUNCTION = YES;
				GCC_WARN_UNUSED_VARIABLE = YES;
				MACOSX_DEPLOYMENT_TARGET = 10.12;
				MTL_ENABLE_DEBUG_INFO = YES;
				ONLY_ACTIVE_ARCH = YES;
				SDKROOT = macosx;
				VERSIONING_SYSTEM = "apple-generic";
				VERSION_INFO_PREFIX = "";
			};
			name = Debug;
		};
		5579545F1E5DB074000FC91E /* Release */ = {
			isa = XCBuildConfiguration;
			buildSettings = {
				ALWAYS_SEARCH_USER_PATHS = NO;
				CLANG_ANALYZER_NONNULL = YES;
				CLANG_CXX_LANGUAGE_STANDARD = "gnu++0x";
				CLANG_CXX_LIBRARY = "libc++";
				CLANG_ENABLE_MODULES = YES;
				CLANG_ENABLE_OBJC_ARC = YES;
				CLANG_WARN_BOOL_CONVERSION = YES;
				CLANG_WARN_CONSTANT_CONVERSION = YES;
				CLANG_WARN_DIRECT_OBJC_ISA_USAGE = YES_ERROR;
				CLANG_WARN_DOCUMENTATION_COMMENTS = YES;
				CLANG_WARN_EMPTY_BODY = YES;
				CLANG_WARN_ENUM_CONVERSION = YES;
				CLANG_WARN_INFINITE_RECURSION = YES;
				CLANG_WARN_INT_CONVERSION = YES;
				CLANG_WARN_OBJC_ROOT_CLASS = YES_ERROR;
				CLANG_WARN_SUSPICIOUS_MOVE = YES;
				CLANG_WARN_SUSPICIOUS_MOVES = YES;
				CLANG_WARN_UNREACHABLE_CODE = YES;
				CLANG_WARN__DUPLICATE_METHOD_MATCH = YES;
				CODE_SIGN_IDENTITY = "-";
				COPY_PHASE_STRIP = NO;
				CURRENT_PROJECT_VERSION = 1;
				DEBUG_INFORMATION_FORMAT = "dwarf-with-dsym";
				ENABLE_NS_ASSERTIONS = NO;
				ENABLE_STRICT_OBJC_MSGSEND = YES;
				GCC_C_LANGUAGE_STANDARD = gnu99;
				GCC_NO_COMMON_BLOCKS = YES;
				GCC_WARN_64_TO_32_BIT_CONVERSION = YES;
				GCC_WARN_ABOUT_RETURN_TYPE = YES_ERROR;
				GCC_WARN_UNDECLARED_SELECTOR = YES;
				GCC_WARN_UNINITIALIZED_AUTOS = YES_AGGRESSIVE;
				GCC_WARN_UNUSED_FUNCTION = YES;
				GCC_WARN_UNUSED_VARIABLE = YES;
				MACOSX_DEPLOYMENT_TARGET = 10.12;
				MTL_ENABLE_DEBUG_INFO = NO;
				SDKROOT = macosx;
				VERSIONING_SYSTEM = "apple-generic";
				VERSION_INFO_PREFIX = "";
			};
			name = Release;
		};
		557954611E5DB074000FC91E /* Debug */ = {
			isa = XCBuildConfiguration;
			buildSettings = {
				CODE_SIGN_IDENTITY = "";
				COMBINE_HIDPI_IMAGES = YES;
				DEFINES_MODULE = YES;
				DYLIB_COMPATIBILITY_VERSION = 1;
				DYLIB_CURRENT_VERSION = 1;
				DYLIB_INSTALL_NAME_BASE = "@rpath";
				FRAMEWORK_VERSION = A;
				INFOPLIST_FILE = cysolidmodeling/Info.plist;
				INSTALL_PATH = "$(LOCAL_LIBRARY_DIR)/Frameworks";
				LD_RUNPATH_SEARCH_PATHS = "$(inherited) @executable_path/../Frameworks @loader_path/Frameworks";
				PRODUCT_BUNDLE_IDENTIFIER = MSW.cysolidmodeling;
				PRODUCT_NAME = "$(TARGET_NAME)";
				SKIP_INSTALL = YES;
			};
			name = Debug;
		};
		557954621E5DB074000FC91E /* Release */ = {
			isa = XCBuildConfiguration;
			buildSettings = {
				CODE_SIGN_IDENTITY = "";
				COMBINE_HIDPI_IMAGES = YES;
				DEFINES_MODULE = YES;
				DYLIB_COMPATIBILITY_VERSION = 1;
				DYLIB_CURRENT_VERSION = 1;
				DYLIB_INSTALL_NAME_BASE = "@rpath";
				FRAMEWORK_VERSION = A;
				INFOPLIST_FILE = cysolidmodeling/Info.plist;
				INSTALL_PATH = "$(LOCAL_LIBRARY_DIR)/Frameworks";
				LD_RUNPATH_SEARCH_PATHS = "$(inherited) @executable_path/../Frameworks @loader_path/Frameworks";
				PRODUCT_BUNDLE_IDENTIFIER = MSW.cysolidmodeling;
				PRODUCT_NAME = "$(TARGET_NAME)";
				SKIP_INSTALL = YES;
			};
			name = Release;
		};
/* End XCBuildConfiguration section */

/* Begin XCConfigurationList section */
		557954521E5DB074000FC91E /* Build configuration list for PBXProject "cysolidmodeling" */ = {
			isa = XCConfigurationList;
			buildConfigurations = (
				5579545E1E5DB074000FC91E /* Debug */,
				5579545F1E5DB074000FC91E /* Release */,
			);
			defaultConfigurationIsVisible = 0;
			defaultConfigurationName = Release;
		};
		557954601E5DB074000FC91E /* Build configuration list for PBXNativeTarget "cysolidmodeling" */ = {
			isa = XCConfigurationList;
			buildConfigurations = (
				557954611E5DB074000FC91E /* Debug */,
				557954621E5DB074000FC91E /* Release */,
			);
			defaultConfigurationIsVisible = 0;
			defaultConfigurationName = Release;
		};
/* End XCConfigurationList section */
	};
	rootObject = 5579544F1E5DB074000FC91E /* Project object */;
}
